// !$*UTF8*$!
{
	archiveVersion = 1;
	classes = {
	};
	objectVersion = 45;
	objects = {

/* Begin PBXBuildFile section */
		A30874C71209CE4F003859AC /* PostResourceTests.m in Sources */ = {isa = PBXBuildFile; fileRef = A30874BC1209CCA5003859AC /* PostResourceTests.m */; };
		A308758E1209E37B003859AC /* FormEncodedStringTest.m in Sources */ = {isa = PBXBuildFile; fileRef = A308758D1209E37B003859AC /* FormEncodedStringTest.m */; };
		A30875D2120A2640003859AC /* PutResourceTests.m in Sources */ = {isa = PBXBuildFile; fileRef = A30875D1120A2640003859AC /* PutResourceTests.m */; };
		A308776C120A48F0003859AC /* CookieHandlingTests.m in Sources */ = {isa = PBXBuildFile; fileRef = A308776B120A48F0003859AC /* CookieHandlingTests.m */; };
		A30877E3120A522D003859AC /* AuthenticationTests.m in Sources */ = {isa = PBXBuildFile; fileRef = A30877E2120A522D003859AC /* AuthenticationTests.m */; };
		A308783B120A58B1003859AC /* LRRestyClient+GET.h in Headers */ = {isa = PBXBuildFile; fileRef = A3087835120A58B1003859AC /* LRRestyClient+GET.h */; };
		A308783C120A58B1003859AC /* LRRestyClient+GET.m in Sources */ = {isa = PBXBuildFile; fileRef = A3087836120A58B1003859AC /* LRRestyClient+GET.m */; };
		A308783D120A58B1003859AC /* LRRestyClient+POST.h in Headers */ = {isa = PBXBuildFile; fileRef = A3087837120A58B1003859AC /* LRRestyClient+POST.h */; };
		A308783E120A58B1003859AC /* LRRestyClient+POST.m in Sources */ = {isa = PBXBuildFile; fileRef = A3087838120A58B1003859AC /* LRRestyClient+POST.m */; };
		A308783F120A58B1003859AC /* LRRestyClient+PUT.h in Headers */ = {isa = PBXBuildFile; fileRef = A3087839120A58B1003859AC /* LRRestyClient+PUT.h */; };
		A3087840120A58B1003859AC /* LRRestyClient+PUT.m in Sources */ = {isa = PBXBuildFile; fileRef = A308783A120A58B1003859AC /* LRRestyClient+PUT.m */; };
		A3087843120A58B8003859AC /* LRRestyRequest.h in Headers */ = {isa = PBXBuildFile; fileRef = A3087841120A58B8003859AC /* LRRestyRequest.h */; };
		A3087844120A58B8003859AC /* LRRestyRequest.m in Sources */ = {isa = PBXBuildFile; fileRef = A3087842120A58B8003859AC /* LRRestyRequest.m */; };
		A308784B120A58C8003859AC /* LRRestyRequestPayload.h in Headers */ = {isa = PBXBuildFile; fileRef = A3087849120A58C8003859AC /* LRRestyRequestPayload.h */; };
		A308784C120A58C8003859AC /* LRRestyRequestPayload.m in Sources */ = {isa = PBXBuildFile; fileRef = A308784A120A58C8003859AC /* LRRestyRequestPayload.m */; };
		A3087851120A58D3003859AC /* LRRestyClientBlockDelegate.h in Headers */ = {isa = PBXBuildFile; fileRef = A308784F120A58D3003859AC /* LRRestyClientBlockDelegate.h */; };
		A3087852120A58D3003859AC /* LRRestyClientBlockDelegate.m in Sources */ = {isa = PBXBuildFile; fileRef = A3087850120A58D3003859AC /* LRRestyClientBlockDelegate.m */; };
		A30878A5120C44FF003859AC /* RemoteRepositoryExample.h in Headers */ = {isa = PBXBuildFile; fileRef = A30878A3120C44FF003859AC /* RemoteRepositoryExample.h */; };
		A3087A06120C50DD003859AC /* NSObject+Tap.m in Sources */ = {isa = PBXBuildFile; fileRef = A3087A04120C50CC003859AC /* NSObject+Tap.m */; };
		A3087A2C120C52D3003859AC /* ResourceTests.m in Sources */ = {isa = PBXBuildFile; fileRef = A3087A28120C524B003859AC /* ResourceTests.m */; };
		A3087A44120C5526003859AC /* LRRestyResource.m in Sources */ = {isa = PBXBuildFile; fileRef = A3087A30120C5324003859AC /* LRRestyResource.m */; };
		A3236DBC120C5BE600001E40 /* libLRResty.a in Frameworks */ = {isa = PBXBuildFile; fileRef = D2AAC07E0554694100DB518D /* libLRResty.a */; };
		A3236DC8120C5C0100001E40 /* ExampleAppDelegate.m in Sources */ = {isa = PBXBuildFile; fileRef = A3087956120C489C003859AC /* ExampleAppDelegate.m */; };
		A3236DC9120C5C0100001E40 /* ExamplesViewController.m in Sources */ = {isa = PBXBuildFile; fileRef = A3087965120C48EE003859AC /* ExamplesViewController.m */; };
		A3236DCA120C5C0100001E40 /* RemoteRepositoryExample.m in Sources */ = {isa = PBXBuildFile; fileRef = A30878A4120C44FF003859AC /* RemoteRepositoryExample.m */; };
		A3236DCB120C5C0100001E40 /* LRRestyResponse+JSON.m in Sources */ = {isa = PBXBuildFile; fileRef = A30879D7120C4EB3003859AC /* LRRestyResponse+JSON.m */; };
		A3236DD3120C5C2C00001E40 /* CDataScanner.m in Sources */ = {isa = PBXBuildFile; fileRef = A30879B7120C4EA2003859AC /* CDataScanner.m */; };
		A3236DD4120C5C2C00001E40 /* CDataScanner_Extensions.m in Sources */ = {isa = PBXBuildFile; fileRef = A30879BA120C4EA2003859AC /* CDataScanner_Extensions.m */; };
		A3236DD5120C5C2C00001E40 /* NSCharacterSet_Extensions.m in Sources */ = {isa = PBXBuildFile; fileRef = A30879BC120C4EA2003859AC /* NSCharacterSet_Extensions.m */; };
		A3236DD6120C5C2C00001E40 /* NSDictionary_JSONExtensions.m in Sources */ = {isa = PBXBuildFile; fileRef = A30879BE120C4EA2003859AC /* NSDictionary_JSONExtensions.m */; };
		A3236DD7120C5C2C00001E40 /* NSScanner_Extensions.m in Sources */ = {isa = PBXBuildFile; fileRef = A30879C0120C4EA2003859AC /* NSScanner_Extensions.m */; };
		A3236DD8120C5C2C00001E40 /* CJSONDataSerializer.m in Sources */ = {isa = PBXBuildFile; fileRef = A30879C3120C4EA2003859AC /* CJSONDataSerializer.m */; };
		A3236DD9120C5C2C00001E40 /* CJSONDeserializer.m in Sources */ = {isa = PBXBuildFile; fileRef = A30879C5120C4EA2003859AC /* CJSONDeserializer.m */; };
		A3236DDA120C5C2C00001E40 /* CJSONScanner.m in Sources */ = {isa = PBXBuildFile; fileRef = A30879C7120C4EA2003859AC /* CJSONScanner.m */; };
		A3236DDB120C5C2C00001E40 /* CJSONSerializer.m in Sources */ = {isa = PBXBuildFile; fileRef = A30879C9120C4EA2003859AC /* CJSONSerializer.m */; };
		A3236DDC120C5C2C00001E40 /* CSerializedJSONData.m in Sources */ = {isa = PBXBuildFile; fileRef = A30879CB120C4EA2003859AC /* CSerializedJSONData.m */; };
		A3236DDF120C5C3400001E40 /* main.m in Sources */ = {isa = PBXBuildFile; fileRef = A30878B9120C4776003859AC /* main.m */; };
		A3236DF9120C5C8100001E40 /* MainWindow.xib in Resources */ = {isa = PBXBuildFile; fileRef = A308795A120C48BC003859AC /* MainWindow.xib */; };
		A3CB4BD0120C6BFA006CADCE /* UsersViewController.m in Sources */ = {isa = PBXBuildFile; fileRef = A3CB4BCF120C6BFA006CADCE /* UsersViewController.m */; };
		A3F8190E1208255F00E60B0B /* GetResourceTests.m in Sources */ = {isa = PBXBuildFile; fileRef = A3F8190D1208255F00E60B0B /* GetResourceTests.m */; };
		A3F81972120837FC00E60B0B /* AssertEventually.m in Sources */ = {isa = PBXBuildFile; fileRef = A3F81971120837FC00E60B0B /* AssertEventually.m */; };
		A3F819ED1208419300E60B0B /* HCAllOf.mm in Sources */ = {isa = PBXBuildFile; fileRef = A3F8199C1208419300E60B0B /* HCAllOf.mm */; };
		A3F819EE1208419300E60B0B /* HCAnyOf.mm in Sources */ = {isa = PBXBuildFile; fileRef = A3F8199E1208419300E60B0B /* HCAnyOf.mm */; };
		A3F819EF1208419300E60B0B /* HCDescribedAs.mm in Sources */ = {isa = PBXBuildFile; fileRef = A3F819A01208419300E60B0B /* HCDescribedAs.mm */; };
		A3F819F01208419300E60B0B /* HCIs.mm in Sources */ = {isa = PBXBuildFile; fileRef = A3F819A21208419300E60B0B /* HCIs.mm */; };
		A3F819F11208419300E60B0B /* HCIsAnything.mm in Sources */ = {isa = PBXBuildFile; fileRef = A3F819A41208419300E60B0B /* HCIsAnything.mm */; };
		A3F819F21208419300E60B0B /* HCIsEqual.mm in Sources */ = {isa = PBXBuildFile; fileRef = A3F819A61208419300E60B0B /* HCIsEqual.mm */; };
		A3F819F31208419300E60B0B /* HCIsInstanceOf.mm in Sources */ = {isa = PBXBuildFile; fileRef = A3F819A81208419300E60B0B /* HCIsInstanceOf.mm */; };
		A3F819F41208419300E60B0B /* HCIsNil.mm in Sources */ = {isa = PBXBuildFile; fileRef = A3F819AA1208419300E60B0B /* HCIsNil.mm */; };
		A3F819F51208419300E60B0B /* HCIsNot.mm in Sources */ = {isa = PBXBuildFile; fileRef = A3F819AC1208419300E60B0B /* HCIsNot.mm */; };
		A3F819F61208419300E60B0B /* HCIsSame.mm in Sources */ = {isa = PBXBuildFile; fileRef = A3F819AE1208419300E60B0B /* HCIsSame.mm */; };
		A3F819F71208419300E60B0B /* HCBaseDescription.mm in Sources */ = {isa = PBXBuildFile; fileRef = A3F819B01208419300E60B0B /* HCBaseDescription.mm */; };
		A3F819F81208419300E60B0B /* HCBaseMatcher.mm in Sources */ = {isa = PBXBuildFile; fileRef = A3F819B21208419300E60B0B /* HCBaseMatcher.mm */; };
		A3F819F91208419300E60B0B /* HCInvocationMatcher.mm in Sources */ = {isa = PBXBuildFile; fileRef = A3F819B51208419300E60B0B /* HCInvocationMatcher.mm */; };
		A3F819FA1208419300E60B0B /* HCMatcherAssert.mm in Sources */ = {isa = PBXBuildFile; fileRef = A3F819B81208419300E60B0B /* HCMatcherAssert.mm */; };
		A3F819FB1208419300E60B0B /* HCStringDescription.mm in Sources */ = {isa = PBXBuildFile; fileRef = A3F819BB1208419300E60B0B /* HCStringDescription.mm */; };
		A3F819FC1208419300E60B0B /* HCWrapInMatcher.mm in Sources */ = {isa = PBXBuildFile; fileRef = A3F819BD1208419300E60B0B /* HCWrapInMatcher.mm */; };
		A3F819FD1208419300E60B0B /* HCCollectMatchers.mm in Sources */ = {isa = PBXBuildFile; fileRef = A3F819C01208419300E60B0B /* HCCollectMatchers.mm */; };
		A3F819FE1208419300E60B0B /* NSObject_HCSelfDescribingValue.mm in Sources */ = {isa = PBXBuildFile; fileRef = A3F819C31208419300E60B0B /* NSObject_HCSelfDescribingValue.mm */; };
		A3F819FF1208419300E60B0B /* HCIsCollectionContaining.mm in Sources */ = {isa = PBXBuildFile; fileRef = A3F819C71208419300E60B0B /* HCIsCollectionContaining.mm */; };
		A3F81A001208419300E60B0B /* HCIsCollectionOnlyContaining.mm in Sources */ = {isa = PBXBuildFile; fileRef = A3F819C91208419300E60B0B /* HCIsCollectionOnlyContaining.mm */; };
		A3F81A011208419300E60B0B /* HCIsDictionaryContaining.mm in Sources */ = {isa = PBXBuildFile; fileRef = A3F819CB1208419300E60B0B /* HCIsDictionaryContaining.mm */; };
		A3F81A021208419300E60B0B /* HCIsDictionaryContainingKey.mm in Sources */ = {isa = PBXBuildFile; fileRef = A3F819CD1208419300E60B0B /* HCIsDictionaryContainingKey.mm */; };
		A3F81A031208419300E60B0B /* HCIsDictionaryContainingValue.mm in Sources */ = {isa = PBXBuildFile; fileRef = A3F819CF1208419300E60B0B /* HCIsDictionaryContainingValue.mm */; };
		A3F81A041208419300E60B0B /* HCIsIn.mm in Sources */ = {isa = PBXBuildFile; fileRef = A3F819D11208419300E60B0B /* HCIsIn.mm */; };
		A3F81A051208419300E60B0B /* HCIsCloseTo.mm in Sources */ = {isa = PBXBuildFile; fileRef = A3F819D51208419300E60B0B /* HCIsCloseTo.mm */; };
		A3F81A061208419300E60B0B /* HCIsEqualToNumber.mm in Sources */ = {isa = PBXBuildFile; fileRef = A3F819D71208419300E60B0B /* HCIsEqualToNumber.mm */; };
		A3F81A071208419300E60B0B /* HCNumberAssert.mm in Sources */ = {isa = PBXBuildFile; fileRef = A3F819D91208419300E60B0B /* HCNumberAssert.mm */; };
		A3F81A081208419300E60B0B /* HCOrderingComparison.mm in Sources */ = {isa = PBXBuildFile; fileRef = A3F819DB1208419300E60B0B /* HCOrderingComparison.mm */; };
		A3F81A091208419300E60B0B /* HCHasDescription.mm in Sources */ = {isa = PBXBuildFile; fileRef = A3F819DE1208419300E60B0B /* HCHasDescription.mm */; };
		A3F81A0A1208419300E60B0B /* HCIsEqualIgnoringCase.mm in Sources */ = {isa = PBXBuildFile; fileRef = A3F819E11208419300E60B0B /* HCIsEqualIgnoringCase.mm */; };
		A3F81A0B1208419300E60B0B /* HCIsEqualIgnoringWhiteSpace.mm in Sources */ = {isa = PBXBuildFile; fileRef = A3F819E31208419300E60B0B /* HCIsEqualIgnoringWhiteSpace.mm */; };
		A3F81A0C1208419300E60B0B /* HCStringContains.mm in Sources */ = {isa = PBXBuildFile; fileRef = A3F819E61208419300E60B0B /* HCStringContains.mm */; };
		A3F81A0D1208419300E60B0B /* HCStringEndsWith.mm in Sources */ = {isa = PBXBuildFile; fileRef = A3F819E81208419300E60B0B /* HCStringEndsWith.mm */; };
		A3F81A0E1208419300E60B0B /* HCStringStartsWith.mm in Sources */ = {isa = PBXBuildFile; fileRef = A3F819EA1208419300E60B0B /* HCStringStartsWith.mm */; };
		A3F81A0F1208419300E60B0B /* HCSubstringMatcher.mm in Sources */ = {isa = PBXBuildFile; fileRef = A3F819EC1208419300E60B0B /* HCSubstringMatcher.mm */; };
		A3F81ACA12084DCF00E60B0B /* libLRResty.a in Frameworks */ = {isa = PBXBuildFile; fileRef = D2AAC07E0554694100DB518D /* libLRResty.a */; };
		A3F81B391208567800E60B0B /* HCPassesBlock.m in Sources */ = {isa = PBXBuildFile; fileRef = A3F81B381208567800E60B0B /* HCPassesBlock.m */; };
		A3F81B6712085AC400E60B0B /* TestRequestBuilder.m in Sources */ = {isa = PBXBuildFile; fileRef = A3F81B6612085AC400E60B0B /* TestRequestBuilder.m */; };
		A3F81B6A12085B0B00E60B0B /* DomainMatchers.m in Sources */ = {isa = PBXBuildFile; fileRef = A3F81B6912085B0B00E60B0B /* DomainMatchers.m */; };
		A3F81D3D12088A0700E60B0B /* NSDictionary+QueryString.h in Headers */ = {isa = PBXBuildFile; fileRef = A3F81D3712088A0700E60B0B /* NSDictionary+QueryString.h */; };
		A3F81D3E12088A0700E60B0B /* NSDictionary+QueryString.m in Sources */ = {isa = PBXBuildFile; fileRef = A3F81D3812088A0700E60B0B /* NSDictionary+QueryString.m */; };
		A3F81D3F12088A0700E60B0B /* NSString+QueryString.h in Headers */ = {isa = PBXBuildFile; fileRef = A3F81D3912088A0700E60B0B /* NSString+QueryString.h */; };
		A3F81D4012088A0700E60B0B /* NSString+QueryString.m in Sources */ = {isa = PBXBuildFile; fileRef = A3F81D3A12088A0700E60B0B /* NSString+QueryString.m */; };
		A3F81D4112088A0700E60B0B /* NSURL+QueryInspector.h in Headers */ = {isa = PBXBuildFile; fileRef = A3F81D3B12088A0700E60B0B /* NSURL+QueryInspector.h */; };
		A3F81D4212088A0700E60B0B /* NSURL+QueryInspector.m in Sources */ = {isa = PBXBuildFile; fileRef = A3F81D3C12088A0700E60B0B /* NSURL+QueryInspector.m */; };
		A3F81DC0120892EF00E60B0B /* TestHelper.m in Sources */ = {isa = PBXBuildFile; fileRef = A3F81DBE120892DA00E60B0B /* TestHelper.m */; };
		A3F81DD01208934600E60B0B /* LRResty.h in Headers */ = {isa = PBXBuildFile; fileRef = A3F81DC91208934600E60B0B /* LRResty.h */; };
		A3F81DD11208934600E60B0B /* LRResty.m in Sources */ = {isa = PBXBuildFile; fileRef = A3F81DCA1208934600E60B0B /* LRResty.m */; };
		A3F81DD21208934600E60B0B /* LRRestyClient.h in Headers */ = {isa = PBXBuildFile; fileRef = A3F81DCB1208934600E60B0B /* LRRestyClient.h */; };
		A3F81DD31208934600E60B0B /* LRRestyClient.m in Sources */ = {isa = PBXBuildFile; fileRef = A3F81DCC1208934600E60B0B /* LRRestyClient.m */; };
		A3F81DD41208934600E60B0B /* LRRestyClientDelegate.h in Headers */ = {isa = PBXBuildFile; fileRef = A3F81DCD1208934600E60B0B /* LRRestyClientDelegate.h */; };
		A3F81DD51208934600E60B0B /* LRRestyResponse.h in Headers */ = {isa = PBXBuildFile; fileRef = A3F81DCE1208934600E60B0B /* LRRestyResponse.h */; };
		A3F81DD61208934600E60B0B /* LRRestyResponse.m in Sources */ = {isa = PBXBuildFile; fileRef = A3F81DCF1208934600E60B0B /* LRRestyResponse.m */; };
		AA747D9F0F9514B9006C5449 /* LRResty_Prefix.pch in Headers */ = {isa = PBXBuildFile; fileRef = AA747D9E0F9514B9006C5449 /* LRResty_Prefix.pch */; };
		AACBBE4A0F95108600F1A2B1 /* Foundation.framework in Frameworks */ = {isa = PBXBuildFile; fileRef = AACBBE490F95108600F1A2B1 /* Foundation.framework */; };
/* End PBXBuildFile section */

/* Begin PBXContainerItemProxy section */
		A3236DBA120C5BE300001E40 /* PBXContainerItemProxy */ = {
			isa = PBXContainerItemProxy;
			containerPortal = 0867D690FE84028FC02AAC07 /* Project object */;
			proxyType = 1;
			remoteGlobalIDString = D2AAC07D0554694100DB518D;
			remoteInfo = LRResty;
		};
		A3F818EF1208249B00E60B0B /* PBXContainerItemProxy */ = {
			isa = PBXContainerItemProxy;
			containerPortal = 0867D690FE84028FC02AAC07 /* Project object */;
			proxyType = 1;
			remoteGlobalIDString = D2AAC07D0554694100DB518D;
			remoteInfo = LRResty;
		};
/* End PBXContainerItemProxy section */

/* Begin PBXFileReference section */
		A30874BC1209CCA5003859AC /* PostResourceTests.m */ = {isa = PBXFileReference; fileEncoding = 4; lastKnownFileType = sourcecode.c.objc; path = PostResourceTests.m; sourceTree = "<group>"; };
		A308758D1209E37B003859AC /* FormEncodedStringTest.m */ = {isa = PBXFileReference; fileEncoding = 4; lastKnownFileType = sourcecode.c.objc; path = FormEncodedStringTest.m; sourceTree = "<group>"; };
		A30875D1120A2640003859AC /* PutResourceTests.m */ = {isa = PBXFileReference; fileEncoding = 4; lastKnownFileType = sourcecode.c.objc; path = PutResourceTests.m; sourceTree = "<group>"; };
		A308776B120A48F0003859AC /* CookieHandlingTests.m */ = {isa = PBXFileReference; fileEncoding = 4; lastKnownFileType = sourcecode.c.objc; path = CookieHandlingTests.m; sourceTree = "<group>"; };
		A30877E2120A522D003859AC /* AuthenticationTests.m */ = {isa = PBXFileReference; fileEncoding = 4; lastKnownFileType = sourcecode.c.objc; path = AuthenticationTests.m; sourceTree = "<group>"; };
		A3087835120A58B1003859AC /* LRRestyClient+GET.h */ = {isa = PBXFileReference; fileEncoding = 4; lastKnownFileType = sourcecode.c.h; name = "LRRestyClient+GET.h"; path = "Classes/LRRestyClient+GET.h"; sourceTree = "<group>"; };
		A3087836120A58B1003859AC /* LRRestyClient+GET.m */ = {isa = PBXFileReference; fileEncoding = 4; lastKnownFileType = sourcecode.c.objc; name = "LRRestyClient+GET.m"; path = "Classes/LRRestyClient+GET.m"; sourceTree = "<group>"; };
		A3087837120A58B1003859AC /* LRRestyClient+POST.h */ = {isa = PBXFileReference; fileEncoding = 4; lastKnownFileType = sourcecode.c.h; name = "LRRestyClient+POST.h"; path = "Classes/LRRestyClient+POST.h"; sourceTree = "<group>"; };
		A3087838120A58B1003859AC /* LRRestyClient+POST.m */ = {isa = PBXFileReference; fileEncoding = 4; lastKnownFileType = sourcecode.c.objc; name = "LRRestyClient+POST.m"; path = "Classes/LRRestyClient+POST.m"; sourceTree = "<group>"; };
		A3087839120A58B1003859AC /* LRRestyClient+PUT.h */ = {isa = PBXFileReference; fileEncoding = 4; lastKnownFileType = sourcecode.c.h; name = "LRRestyClient+PUT.h"; path = "Classes/LRRestyClient+PUT.h"; sourceTree = "<group>"; };
		A308783A120A58B1003859AC /* LRRestyClient+PUT.m */ = {isa = PBXFileReference; fileEncoding = 4; lastKnownFileType = sourcecode.c.objc; name = "LRRestyClient+PUT.m"; path = "Classes/LRRestyClient+PUT.m"; sourceTree = "<group>"; };
		A3087841120A58B8003859AC /* LRRestyRequest.h */ = {isa = PBXFileReference; fileEncoding = 4; lastKnownFileType = sourcecode.c.h; name = LRRestyRequest.h; path = Classes/LRRestyRequest.h; sourceTree = "<group>"; };
		A3087842120A58B8003859AC /* LRRestyRequest.m */ = {isa = PBXFileReference; fileEncoding = 4; lastKnownFileType = sourcecode.c.objc; name = LRRestyRequest.m; path = Classes/LRRestyRequest.m; sourceTree = "<group>"; };
		A3087849120A58C8003859AC /* LRRestyRequestPayload.h */ = {isa = PBXFileReference; fileEncoding = 4; lastKnownFileType = sourcecode.c.h; name = LRRestyRequestPayload.h; path = Classes/LRRestyRequestPayload.h; sourceTree = "<group>"; };
		A308784A120A58C8003859AC /* LRRestyRequestPayload.m */ = {isa = PBXFileReference; fileEncoding = 4; lastKnownFileType = sourcecode.c.objc; name = LRRestyRequestPayload.m; path = Classes/LRRestyRequestPayload.m; sourceTree = "<group>"; };
		A308784F120A58D3003859AC /* LRRestyClientBlockDelegate.h */ = {isa = PBXFileReference; fileEncoding = 4; lastKnownFileType = sourcecode.c.h; name = LRRestyClientBlockDelegate.h; path = Classes/LRRestyClientBlockDelegate.h; sourceTree = "<group>"; };
		A3087850120A58D3003859AC /* LRRestyClientBlockDelegate.m */ = {isa = PBXFileReference; fileEncoding = 4; lastKnownFileType = sourcecode.c.objc; name = LRRestyClientBlockDelegate.m; path = Classes/LRRestyClientBlockDelegate.m; sourceTree = "<group>"; };
		A30878A3120C44FF003859AC /* RemoteRepositoryExample.h */ = {isa = PBXFileReference; fileEncoding = 4; lastKnownFileType = sourcecode.c.h; path = RemoteRepositoryExample.h; sourceTree = "<group>"; };
		A30878A4120C44FF003859AC /* RemoteRepositoryExample.m */ = {isa = PBXFileReference; fileEncoding = 4; lastKnownFileType = sourcecode.c.objc; path = RemoteRepositoryExample.m; sourceTree = "<group>"; };
		A30878B9120C4776003859AC /* main.m */ = {isa = PBXFileReference; fileEncoding = 4; lastKnownFileType = sourcecode.c.objc; path = main.m; sourceTree = "<group>"; };
		A3087955120C489C003859AC /* ExampleAppDelegate.h */ = {isa = PBXFileReference; fileEncoding = 4; lastKnownFileType = sourcecode.c.h; path = ExampleAppDelegate.h; sourceTree = "<group>"; };
		A3087956120C489C003859AC /* ExampleAppDelegate.m */ = {isa = PBXFileReference; fileEncoding = 4; lastKnownFileType = sourcecode.c.objc; path = ExampleAppDelegate.m; sourceTree = "<group>"; };
		A308795A120C48BC003859AC /* MainWindow.xib */ = {isa = PBXFileReference; lastKnownFileType = file.xib; path = MainWindow.xib; sourceTree = "<group>"; };
		A3087964120C48EE003859AC /* ExamplesViewController.h */ = {isa = PBXFileReference; fileEncoding = 4; lastKnownFileType = sourcecode.c.h; path = ExamplesViewController.h; sourceTree = "<group>"; };
		A3087965120C48EE003859AC /* ExamplesViewController.m */ = {isa = PBXFileReference; fileEncoding = 4; lastKnownFileType = sourcecode.c.objc; path = ExamplesViewController.m; sourceTree = "<group>"; };
		A30879B6120C4EA2003859AC /* CDataScanner.h */ = {isa = PBXFileReference; fileEncoding = 4; lastKnownFileType = sourcecode.c.h; name = CDataScanner.h; path = Vendor/TouchJSON/Source/CDataScanner.h; sourceTree = "<group>"; };
		A30879B7120C4EA2003859AC /* CDataScanner.m */ = {isa = PBXFileReference; fileEncoding = 4; lastKnownFileType = sourcecode.c.objc; name = CDataScanner.m; path = Vendor/TouchJSON/Source/CDataScanner.m; sourceTree = "<group>"; };
		A30879B9120C4EA2003859AC /* CDataScanner_Extensions.h */ = {isa = PBXFileReference; fileEncoding = 4; lastKnownFileType = sourcecode.c.h; path = CDataScanner_Extensions.h; sourceTree = "<group>"; };
		A30879BA120C4EA2003859AC /* CDataScanner_Extensions.m */ = {isa = PBXFileReference; fileEncoding = 4; lastKnownFileType = sourcecode.c.objc; path = CDataScanner_Extensions.m; sourceTree = "<group>"; };
		A30879BB120C4EA2003859AC /* NSCharacterSet_Extensions.h */ = {isa = PBXFileReference; fileEncoding = 4; lastKnownFileType = sourcecode.c.h; path = NSCharacterSet_Extensions.h; sourceTree = "<group>"; };
		A30879BC120C4EA2003859AC /* NSCharacterSet_Extensions.m */ = {isa = PBXFileReference; fileEncoding = 4; lastKnownFileType = sourcecode.c.objc; path = NSCharacterSet_Extensions.m; sourceTree = "<group>"; };
		A30879BD120C4EA2003859AC /* NSDictionary_JSONExtensions.h */ = {isa = PBXFileReference; fileEncoding = 4; lastKnownFileType = sourcecode.c.h; path = NSDictionary_JSONExtensions.h; sourceTree = "<group>"; };
		A30879BE120C4EA2003859AC /* NSDictionary_JSONExtensions.m */ = {isa = PBXFileReference; fileEncoding = 4; lastKnownFileType = sourcecode.c.objc; path = NSDictionary_JSONExtensions.m; sourceTree = "<group>"; };
		A30879BF120C4EA2003859AC /* NSScanner_Extensions.h */ = {isa = PBXFileReference; fileEncoding = 4; lastKnownFileType = sourcecode.c.h; path = NSScanner_Extensions.h; sourceTree = "<group>"; };
		A30879C0120C4EA2003859AC /* NSScanner_Extensions.m */ = {isa = PBXFileReference; fileEncoding = 4; lastKnownFileType = sourcecode.c.objc; path = NSScanner_Extensions.m; sourceTree = "<group>"; };
		A30879C2120C4EA2003859AC /* CJSONDataSerializer.h */ = {isa = PBXFileReference; fileEncoding = 4; lastKnownFileType = sourcecode.c.h; path = CJSONDataSerializer.h; sourceTree = "<group>"; };
		A30879C3120C4EA2003859AC /* CJSONDataSerializer.m */ = {isa = PBXFileReference; fileEncoding = 4; lastKnownFileType = sourcecode.c.objc; path = CJSONDataSerializer.m; sourceTree = "<group>"; };
		A30879C4120C4EA2003859AC /* CJSONDeserializer.h */ = {isa = PBXFileReference; fileEncoding = 4; lastKnownFileType = sourcecode.c.h; path = CJSONDeserializer.h; sourceTree = "<group>"; };
		A30879C5120C4EA2003859AC /* CJSONDeserializer.m */ = {isa = PBXFileReference; fileEncoding = 4; lastKnownFileType = sourcecode.c.objc; path = CJSONDeserializer.m; sourceTree = "<group>"; };
		A30879C6120C4EA2003859AC /* CJSONScanner.h */ = {isa = PBXFileReference; fileEncoding = 4; lastKnownFileType = sourcecode.c.h; path = CJSONScanner.h; sourceTree = "<group>"; };
		A30879C7120C4EA2003859AC /* CJSONScanner.m */ = {isa = PBXFileReference; fileEncoding = 4; lastKnownFileType = sourcecode.c.objc; path = CJSONScanner.m; sourceTree = "<group>"; };
		A30879C8120C4EA2003859AC /* CJSONSerializer.h */ = {isa = PBXFileReference; fileEncoding = 4; lastKnownFileType = sourcecode.c.h; path = CJSONSerializer.h; sourceTree = "<group>"; };
		A30879C9120C4EA2003859AC /* CJSONSerializer.m */ = {isa = PBXFileReference; fileEncoding = 4; lastKnownFileType = sourcecode.c.objc; path = CJSONSerializer.m; sourceTree = "<group>"; };
		A30879CA120C4EA2003859AC /* CSerializedJSONData.h */ = {isa = PBXFileReference; fileEncoding = 4; lastKnownFileType = sourcecode.c.h; path = CSerializedJSONData.h; sourceTree = "<group>"; };
		A30879CB120C4EA2003859AC /* CSerializedJSONData.m */ = {isa = PBXFileReference; fileEncoding = 4; lastKnownFileType = sourcecode.c.objc; path = CSerializedJSONData.m; sourceTree = "<group>"; };
		A30879D6120C4EB3003859AC /* LRRestyResponse+JSON.h */ = {isa = PBXFileReference; fileEncoding = 4; lastKnownFileType = sourcecode.c.h; path = "LRRestyResponse+JSON.h"; sourceTree = "<group>"; };
		A30879D7120C4EB3003859AC /* LRRestyResponse+JSON.m */ = {isa = PBXFileReference; fileEncoding = 4; lastKnownFileType = sourcecode.c.objc; path = "LRRestyResponse+JSON.m"; sourceTree = "<group>"; };
		A3087A03120C50CC003859AC /* NSObject+Tap.h */ = {isa = PBXFileReference; fileEncoding = 4; lastKnownFileType = sourcecode.c.h; path = "NSObject+Tap.h"; sourceTree = "<group>"; };
		A3087A04120C50CC003859AC /* NSObject+Tap.m */ = {isa = PBXFileReference; fileEncoding = 4; lastKnownFileType = sourcecode.c.objc; path = "NSObject+Tap.m"; sourceTree = "<group>"; };
		A3087A28120C524B003859AC /* ResourceTests.m */ = {isa = PBXFileReference; fileEncoding = 4; lastKnownFileType = sourcecode.c.objc; path = ResourceTests.m; sourceTree = "<group>"; };
		A3087A2F120C5324003859AC /* LRRestyResource.h */ = {isa = PBXFileReference; fileEncoding = 4; lastKnownFileType = sourcecode.c.h; path = LRRestyResource.h; sourceTree = "<group>"; };
		A3087A30120C5324003859AC /* LRRestyResource.m */ = {isa = PBXFileReference; fileEncoding = 4; lastKnownFileType = sourcecode.c.objc; path = LRRestyResource.m; sourceTree = "<group>"; };
		A3236DB4120C5BDE00001E40 /* ExamplesRunner.app */ = {isa = PBXFileReference; explicitFileType = wrapper.application; includeInIndex = 0; path = ExamplesRunner.app; sourceTree = BUILT_PRODUCTS_DIR; };
		A3236DB6120C5BDE00001E40 /* ExamplesRunner-Info.plist */ = {isa = PBXFileReference; lastKnownFileType = text.plist.xml; path = "ExamplesRunner-Info.plist"; sourceTree = "<group>"; };
		A3CB4B85120C6354006CADCE /* GithubCredentials.h */ = {isa = PBXFileReference; fileEncoding = 4; lastKnownFileType = sourcecode.c.h; path = GithubCredentials.h; sourceTree = "<group>"; };
		A3CB4BCE120C6BFA006CADCE /* UsersViewController.h */ = {isa = PBXFileReference; fileEncoding = 4; lastKnownFileType = sourcecode.c.h; name = UsersViewController.h; path = ../UsersViewController.h; sourceTree = "<group>"; };
		A3CB4BCF120C6BFA006CADCE /* UsersViewController.m */ = {isa = PBXFileReference; fileEncoding = 4; lastKnownFileType = sourcecode.c.objc; name = UsersViewController.m; path = ../UsersViewController.m; sourceTree = "<group>"; };
		A3F818E81208248F00E60B0B /* Acceptance Tests.octest */ = {isa = PBXFileReference; explicitFileType = wrapper.cfbundle; includeInIndex = 0; path = "Acceptance Tests.octest"; sourceTree = BUILT_PRODUCTS_DIR; };
		A3F818E91208248F00E60B0B /* Acceptance Tests-Info.plist */ = {isa = PBXFileReference; lastKnownFileType = text.plist.xml; path = "Acceptance Tests-Info.plist"; sourceTree = "<group>"; };
		A3F8190D1208255F00E60B0B /* GetResourceTests.m */ = {isa = PBXFileReference; fileEncoding = 4; lastKnownFileType = sourcecode.c.objc; path = GetResourceTests.m; sourceTree = "<group>"; };
		A3F81970120837FC00E60B0B /* AssertEventually.h */ = {isa = PBXFileReference; fileEncoding = 4; lastKnownFileType = sourcecode.c.h; path = AssertEventually.h; sourceTree = "<group>"; };
		A3F81971120837FC00E60B0B /* AssertEventually.m */ = {isa = PBXFileReference; fileEncoding = 4; lastKnownFileType = sourcecode.c.objc; path = AssertEventually.m; sourceTree = "<group>"; };
		A3F8199B1208419300E60B0B /* HCAllOf.h */ = {isa = PBXFileReference; fileEncoding = 4; lastKnownFileType = sourcecode.c.h; path = HCAllOf.h; sourceTree = "<group>"; };
		A3F8199C1208419300E60B0B /* HCAllOf.mm */ = {isa = PBXFileReference; fileEncoding = 4; lastKnownFileType = sourcecode.cpp.objcpp; path = HCAllOf.mm; sourceTree = "<group>"; };
		A3F8199D1208419300E60B0B /* HCAnyOf.h */ = {isa = PBXFileReference; fileEncoding = 4; lastKnownFileType = sourcecode.c.h; path = HCAnyOf.h; sourceTree = "<group>"; };
		A3F8199E1208419300E60B0B /* HCAnyOf.mm */ = {isa = PBXFileReference; fileEncoding = 4; lastKnownFileType = sourcecode.cpp.objcpp; path = HCAnyOf.mm; sourceTree = "<group>"; };
		A3F8199F1208419300E60B0B /* HCDescribedAs.h */ = {isa = PBXFileReference; fileEncoding = 4; lastKnownFileType = sourcecode.c.h; path = HCDescribedAs.h; sourceTree = "<group>"; };
		A3F819A01208419300E60B0B /* HCDescribedAs.mm */ = {isa = PBXFileReference; fileEncoding = 4; lastKnownFileType = sourcecode.cpp.objcpp; path = HCDescribedAs.mm; sourceTree = "<group>"; };
		A3F819A11208419300E60B0B /* HCIs.h */ = {isa = PBXFileReference; fileEncoding = 4; lastKnownFileType = sourcecode.c.h; path = HCIs.h; sourceTree = "<group>"; };
		A3F819A21208419300E60B0B /* HCIs.mm */ = {isa = PBXFileReference; fileEncoding = 4; lastKnownFileType = sourcecode.cpp.objcpp; path = HCIs.mm; sourceTree = "<group>"; };
		A3F819A31208419300E60B0B /* HCIsAnything.h */ = {isa = PBXFileReference; fileEncoding = 4; lastKnownFileType = sourcecode.c.h; path = HCIsAnything.h; sourceTree = "<group>"; };
		A3F819A41208419300E60B0B /* HCIsAnything.mm */ = {isa = PBXFileReference; fileEncoding = 4; lastKnownFileType = sourcecode.cpp.objcpp; path = HCIsAnything.mm; sourceTree = "<group>"; };
		A3F819A51208419300E60B0B /* HCIsEqual.h */ = {isa = PBXFileReference; fileEncoding = 4; lastKnownFileType = sourcecode.c.h; path = HCIsEqual.h; sourceTree = "<group>"; };
		A3F819A61208419300E60B0B /* HCIsEqual.mm */ = {isa = PBXFileReference; fileEncoding = 4; lastKnownFileType = sourcecode.cpp.objcpp; path = HCIsEqual.mm; sourceTree = "<group>"; };
		A3F819A71208419300E60B0B /* HCIsInstanceOf.h */ = {isa = PBXFileReference; fileEncoding = 4; lastKnownFileType = sourcecode.c.h; path = HCIsInstanceOf.h; sourceTree = "<group>"; };
		A3F819A81208419300E60B0B /* HCIsInstanceOf.mm */ = {isa = PBXFileReference; fileEncoding = 4; lastKnownFileType = sourcecode.cpp.objcpp; path = HCIsInstanceOf.mm; sourceTree = "<group>"; };
		A3F819A91208419300E60B0B /* HCIsNil.h */ = {isa = PBXFileReference; fileEncoding = 4; lastKnownFileType = sourcecode.c.h; path = HCIsNil.h; sourceTree = "<group>"; };
		A3F819AA1208419300E60B0B /* HCIsNil.mm */ = {isa = PBXFileReference; fileEncoding = 4; lastKnownFileType = sourcecode.cpp.objcpp; path = HCIsNil.mm; sourceTree = "<group>"; };
		A3F819AB1208419300E60B0B /* HCIsNot.h */ = {isa = PBXFileReference; fileEncoding = 4; lastKnownFileType = sourcecode.c.h; path = HCIsNot.h; sourceTree = "<group>"; };
		A3F819AC1208419300E60B0B /* HCIsNot.mm */ = {isa = PBXFileReference; fileEncoding = 4; lastKnownFileType = sourcecode.cpp.objcpp; path = HCIsNot.mm; sourceTree = "<group>"; };
		A3F819AD1208419300E60B0B /* HCIsSame.h */ = {isa = PBXFileReference; fileEncoding = 4; lastKnownFileType = sourcecode.c.h; path = HCIsSame.h; sourceTree = "<group>"; };
		A3F819AE1208419300E60B0B /* HCIsSame.mm */ = {isa = PBXFileReference; fileEncoding = 4; lastKnownFileType = sourcecode.cpp.objcpp; path = HCIsSame.mm; sourceTree = "<group>"; };
		A3F819AF1208419300E60B0B /* HCBaseDescription.h */ = {isa = PBXFileReference; fileEncoding = 4; lastKnownFileType = sourcecode.c.h; path = HCBaseDescription.h; sourceTree = "<group>"; };
		A3F819B01208419300E60B0B /* HCBaseDescription.mm */ = {isa = PBXFileReference; fileEncoding = 4; lastKnownFileType = sourcecode.cpp.objcpp; path = HCBaseDescription.mm; sourceTree = "<group>"; };
		A3F819B11208419300E60B0B /* HCBaseMatcher.h */ = {isa = PBXFileReference; fileEncoding = 4; lastKnownFileType = sourcecode.c.h; path = HCBaseMatcher.h; sourceTree = "<group>"; };
		A3F819B21208419300E60B0B /* HCBaseMatcher.mm */ = {isa = PBXFileReference; fileEncoding = 4; lastKnownFileType = sourcecode.cpp.objcpp; path = HCBaseMatcher.mm; sourceTree = "<group>"; };
		A3F819B31208419300E60B0B /* HCDescription.h */ = {isa = PBXFileReference; fileEncoding = 4; lastKnownFileType = sourcecode.c.h; path = HCDescription.h; sourceTree = "<group>"; };
		A3F819B41208419300E60B0B /* HCInvocationMatcher.h */ = {isa = PBXFileReference; fileEncoding = 4; lastKnownFileType = sourcecode.c.h; path = HCInvocationMatcher.h; sourceTree = "<group>"; };
		A3F819B51208419300E60B0B /* HCInvocationMatcher.mm */ = {isa = PBXFileReference; fileEncoding = 4; lastKnownFileType = sourcecode.cpp.objcpp; path = HCInvocationMatcher.mm; sourceTree = "<group>"; };
		A3F819B61208419300E60B0B /* HCMatcher.h */ = {isa = PBXFileReference; fileEncoding = 4; lastKnownFileType = sourcecode.c.h; path = HCMatcher.h; sourceTree = "<group>"; };
		A3F819B71208419300E60B0B /* HCMatcherAssert.h */ = {isa = PBXFileReference; fileEncoding = 4; lastKnownFileType = sourcecode.c.h; path = HCMatcherAssert.h; sourceTree = "<group>"; };
		A3F819B81208419300E60B0B /* HCMatcherAssert.mm */ = {isa = PBXFileReference; fileEncoding = 4; lastKnownFileType = sourcecode.cpp.objcpp; path = HCMatcherAssert.mm; sourceTree = "<group>"; };
		A3F819B91208419300E60B0B /* HCSelfDescribing.h */ = {isa = PBXFileReference; fileEncoding = 4; lastKnownFileType = sourcecode.c.h; path = HCSelfDescribing.h; sourceTree = "<group>"; };
		A3F819BA1208419300E60B0B /* HCStringDescription.h */ = {isa = PBXFileReference; fileEncoding = 4; lastKnownFileType = sourcecode.c.h; path = HCStringDescription.h; sourceTree = "<group>"; };
		A3F819BB1208419300E60B0B /* HCStringDescription.mm */ = {isa = PBXFileReference; fileEncoding = 4; lastKnownFileType = sourcecode.cpp.objcpp; path = HCStringDescription.mm; sourceTree = "<group>"; };
		A3F819BC1208419300E60B0B /* HCWrapInMatcher.h */ = {isa = PBXFileReference; fileEncoding = 4; lastKnownFileType = sourcecode.c.h; path = HCWrapInMatcher.h; sourceTree = "<group>"; };
		A3F819BD1208419300E60B0B /* HCWrapInMatcher.mm */ = {isa = PBXFileReference; fileEncoding = 4; lastKnownFileType = sourcecode.cpp.objcpp; path = HCWrapInMatcher.mm; sourceTree = "<group>"; };
		A3F819BF1208419300E60B0B /* HCCollectMatchers.h */ = {isa = PBXFileReference; fileEncoding = 4; lastKnownFileType = sourcecode.c.h; path = HCCollectMatchers.h; sourceTree = "<group>"; };
		A3F819C01208419300E60B0B /* HCCollectMatchers.mm */ = {isa = PBXFileReference; fileEncoding = 4; lastKnownFileType = sourcecode.cpp.objcpp; path = HCCollectMatchers.mm; sourceTree = "<group>"; };
		A3F819C11208419300E60B0B /* HCIntegerTypes.h */ = {isa = PBXFileReference; fileEncoding = 4; lastKnownFileType = sourcecode.c.h; path = HCIntegerTypes.h; sourceTree = "<group>"; };
		A3F819C21208419300E60B0B /* NSObject_HCSelfDescribingValue.h */ = {isa = PBXFileReference; fileEncoding = 4; lastKnownFileType = sourcecode.c.h; path = NSObject_HCSelfDescribingValue.h; sourceTree = "<group>"; };
		A3F819C31208419300E60B0B /* NSObject_HCSelfDescribingValue.mm */ = {isa = PBXFileReference; fileEncoding = 4; lastKnownFileType = sourcecode.cpp.objcpp; path = NSObject_HCSelfDescribingValue.mm; sourceTree = "<group>"; };
		A3F819C61208419300E60B0B /* HCIsCollectionContaining.h */ = {isa = PBXFileReference; fileEncoding = 4; lastKnownFileType = sourcecode.c.h; path = HCIsCollectionContaining.h; sourceTree = "<group>"; };
		A3F819C71208419300E60B0B /* HCIsCollectionContaining.mm */ = {isa = PBXFileReference; fileEncoding = 4; lastKnownFileType = sourcecode.cpp.objcpp; path = HCIsCollectionContaining.mm; sourceTree = "<group>"; };
		A3F819C81208419300E60B0B /* HCIsCollectionOnlyContaining.h */ = {isa = PBXFileReference; fileEncoding = 4; lastKnownFileType = sourcecode.c.h; path = HCIsCollectionOnlyContaining.h; sourceTree = "<group>"; };
		A3F819C91208419300E60B0B /* HCIsCollectionOnlyContaining.mm */ = {isa = PBXFileReference; fileEncoding = 4; lastKnownFileType = sourcecode.cpp.objcpp; path = HCIsCollectionOnlyContaining.mm; sourceTree = "<group>"; };
		A3F819CA1208419300E60B0B /* HCIsDictionaryContaining.h */ = {isa = PBXFileReference; fileEncoding = 4; lastKnownFileType = sourcecode.c.h; path = HCIsDictionaryContaining.h; sourceTree = "<group>"; };
		A3F819CB1208419300E60B0B /* HCIsDictionaryContaining.mm */ = {isa = PBXFileReference; fileEncoding = 4; lastKnownFileType = sourcecode.cpp.objcpp; path = HCIsDictionaryContaining.mm; sourceTree = "<group>"; };
		A3F819CC1208419300E60B0B /* HCIsDictionaryContainingKey.h */ = {isa = PBXFileReference; fileEncoding = 4; lastKnownFileType = sourcecode.c.h; path = HCIsDictionaryContainingKey.h; sourceTree = "<group>"; };
		A3F819CD1208419300E60B0B /* HCIsDictionaryContainingKey.mm */ = {isa = PBXFileReference; fileEncoding = 4; lastKnownFileType = sourcecode.cpp.objcpp; path = HCIsDictionaryContainingKey.mm; sourceTree = "<group>"; };
		A3F819CE1208419300E60B0B /* HCIsDictionaryContainingValue.h */ = {isa = PBXFileReference; fileEncoding = 4; lastKnownFileType = sourcecode.c.h; path = HCIsDictionaryContainingValue.h; sourceTree = "<group>"; };
		A3F819CF1208419300E60B0B /* HCIsDictionaryContainingValue.mm */ = {isa = PBXFileReference; fileEncoding = 4; lastKnownFileType = sourcecode.cpp.objcpp; path = HCIsDictionaryContainingValue.mm; sourceTree = "<group>"; };
		A3F819D01208419300E60B0B /* HCIsIn.h */ = {isa = PBXFileReference; fileEncoding = 4; lastKnownFileType = sourcecode.c.h; path = HCIsIn.h; sourceTree = "<group>"; };
		A3F819D11208419300E60B0B /* HCIsIn.mm */ = {isa = PBXFileReference; fileEncoding = 4; lastKnownFileType = sourcecode.cpp.objcpp; path = HCIsIn.mm; sourceTree = "<group>"; };
		A3F819D31208419300E60B0B /* HCBoxNumber.h */ = {isa = PBXFileReference; fileEncoding = 4; lastKnownFileType = sourcecode.c.h; path = HCBoxNumber.h; sourceTree = "<group>"; };
		A3F819D41208419300E60B0B /* HCIsCloseTo.h */ = {isa = PBXFileReference; fileEncoding = 4; lastKnownFileType = sourcecode.c.h; path = HCIsCloseTo.h; sourceTree = "<group>"; };
		A3F819D51208419300E60B0B /* HCIsCloseTo.mm */ = {isa = PBXFileReference; fileEncoding = 4; lastKnownFileType = sourcecode.cpp.objcpp; path = HCIsCloseTo.mm; sourceTree = "<group>"; };
		A3F819D61208419300E60B0B /* HCIsEqualToNumber.h */ = {isa = PBXFileReference; fileEncoding = 4; lastKnownFileType = sourcecode.c.h; path = HCIsEqualToNumber.h; sourceTree = "<group>"; };
		A3F819D71208419300E60B0B /* HCIsEqualToNumber.mm */ = {isa = PBXFileReference; fileEncoding = 4; lastKnownFileType = sourcecode.cpp.objcpp; path = HCIsEqualToNumber.mm; sourceTree = "<group>"; };
		A3F819D81208419300E60B0B /* HCNumberAssert.h */ = {isa = PBXFileReference; fileEncoding = 4; lastKnownFileType = sourcecode.c.h; path = HCNumberAssert.h; sourceTree = "<group>"; };
		A3F819D91208419300E60B0B /* HCNumberAssert.mm */ = {isa = PBXFileReference; fileEncoding = 4; lastKnownFileType = sourcecode.cpp.objcpp; path = HCNumberAssert.mm; sourceTree = "<group>"; };
		A3F819DA1208419300E60B0B /* HCOrderingComparison.h */ = {isa = PBXFileReference; fileEncoding = 4; lastKnownFileType = sourcecode.c.h; path = HCOrderingComparison.h; sourceTree = "<group>"; };
		A3F819DB1208419300E60B0B /* HCOrderingComparison.mm */ = {isa = PBXFileReference; fileEncoding = 4; lastKnownFileType = sourcecode.cpp.objcpp; path = HCOrderingComparison.mm; sourceTree = "<group>"; };
		A3F819DD1208419300E60B0B /* HCHasDescription.h */ = {isa = PBXFileReference; fileEncoding = 4; lastKnownFileType = sourcecode.c.h; path = HCHasDescription.h; sourceTree = "<group>"; };
		A3F819DE1208419300E60B0B /* HCHasDescription.mm */ = {isa = PBXFileReference; fileEncoding = 4; lastKnownFileType = sourcecode.cpp.objcpp; path = HCHasDescription.mm; sourceTree = "<group>"; };
		A3F819E01208419300E60B0B /* HCIsEqualIgnoringCase.h */ = {isa = PBXFileReference; fileEncoding = 4; lastKnownFileType = sourcecode.c.h; path = HCIsEqualIgnoringCase.h; sourceTree = "<group>"; };
		A3F819E11208419300E60B0B /* HCIsEqualIgnoringCase.mm */ = {isa = PBXFileReference; fileEncoding = 4; lastKnownFileType = sourcecode.cpp.objcpp; path = HCIsEqualIgnoringCase.mm; sourceTree = "<group>"; };
		A3F819E21208419300E60B0B /* HCIsEqualIgnoringWhiteSpace.h */ = {isa = PBXFileReference; fileEncoding = 4; lastKnownFileType = sourcecode.c.h; path = HCIsEqualIgnoringWhiteSpace.h; sourceTree = "<group>"; };
		A3F819E31208419300E60B0B /* HCIsEqualIgnoringWhiteSpace.mm */ = {isa = PBXFileReference; fileEncoding = 4; lastKnownFileType = sourcecode.cpp.objcpp; path = HCIsEqualIgnoringWhiteSpace.mm; sourceTree = "<group>"; };
		A3F819E41208419300E60B0B /* HCRequireNonNilString.h */ = {isa = PBXFileReference; fileEncoding = 4; lastKnownFileType = sourcecode.c.h; path = HCRequireNonNilString.h; sourceTree = "<group>"; };
		A3F819E51208419300E60B0B /* HCStringContains.h */ = {isa = PBXFileReference; fileEncoding = 4; lastKnownFileType = sourcecode.c.h; path = HCStringContains.h; sourceTree = "<group>"; };
		A3F819E61208419300E60B0B /* HCStringContains.mm */ = {isa = PBXFileReference; fileEncoding = 4; lastKnownFileType = sourcecode.cpp.objcpp; path = HCStringContains.mm; sourceTree = "<group>"; };
		A3F819E71208419300E60B0B /* HCStringEndsWith.h */ = {isa = PBXFileReference; fileEncoding = 4; lastKnownFileType = sourcecode.c.h; path = HCStringEndsWith.h; sourceTree = "<group>"; };
		A3F819E81208419300E60B0B /* HCStringEndsWith.mm */ = {isa = PBXFileReference; fileEncoding = 4; lastKnownFileType = sourcecode.cpp.objcpp; path = HCStringEndsWith.mm; sourceTree = "<group>"; };
		A3F819E91208419300E60B0B /* HCStringStartsWith.h */ = {isa = PBXFileReference; fileEncoding = 4; lastKnownFileType = sourcecode.c.h; path = HCStringStartsWith.h; sourceTree = "<group>"; };
		A3F819EA1208419300E60B0B /* HCStringStartsWith.mm */ = {isa = PBXFileReference; fileEncoding = 4; lastKnownFileType = sourcecode.cpp.objcpp; path = HCStringStartsWith.mm; sourceTree = "<group>"; };
		A3F819EB1208419300E60B0B /* HCSubstringMatcher.h */ = {isa = PBXFileReference; fileEncoding = 4; lastKnownFileType = sourcecode.c.h; path = HCSubstringMatcher.h; sourceTree = "<group>"; };
		A3F819EC1208419300E60B0B /* HCSubstringMatcher.mm */ = {isa = PBXFileReference; fileEncoding = 4; lastKnownFileType = sourcecode.cpp.objcpp; path = HCSubstringMatcher.mm; sourceTree = "<group>"; };
		A3F81A221208451C00E60B0B /* OCHamcrest.h */ = {isa = PBXFileReference; fileEncoding = 4; lastKnownFileType = sourcecode.c.h; name = OCHamcrest.h; path = Vendor/OCHamcrest/Source/OCHamcrest.h; sourceTree = "<group>"; };
		A3F81B371208567800E60B0B /* HCPassesBlock.h */ = {isa = PBXFileReference; fileEncoding = 4; lastKnownFileType = sourcecode.c.h; path = HCPassesBlock.h; sourceTree = "<group>"; };
		A3F81B381208567800E60B0B /* HCPassesBlock.m */ = {isa = PBXFileReference; fileEncoding = 4; lastKnownFileType = sourcecode.c.objc; path = HCPassesBlock.m; sourceTree = "<group>"; };
		A3F81B401208577500E60B0B /* TestHelper.h */ = {isa = PBXFileReference; fileEncoding = 4; lastKnownFileType = sourcecode.c.h; path = TestHelper.h; sourceTree = "<group>"; };
		A3F81B6512085AC400E60B0B /* TestRequestBuilder.h */ = {isa = PBXFileReference; fileEncoding = 4; lastKnownFileType = sourcecode.c.h; path = TestRequestBuilder.h; sourceTree = "<group>"; };
		A3F81B6612085AC400E60B0B /* TestRequestBuilder.m */ = {isa = PBXFileReference; fileEncoding = 4; lastKnownFileType = sourcecode.c.objc; path = TestRequestBuilder.m; sourceTree = "<group>"; };
		A3F81B6812085B0B00E60B0B /* DomainMatchers.h */ = {isa = PBXFileReference; fileEncoding = 4; lastKnownFileType = sourcecode.c.h; path = DomainMatchers.h; sourceTree = "<group>"; };
		A3F81B6912085B0B00E60B0B /* DomainMatchers.m */ = {isa = PBXFileReference; fileEncoding = 4; lastKnownFileType = sourcecode.c.objc; path = DomainMatchers.m; sourceTree = "<group>"; };
		A3F81D3712088A0700E60B0B /* NSDictionary+QueryString.h */ = {isa = PBXFileReference; fileEncoding = 4; lastKnownFileType = sourcecode.c.h; path = "NSDictionary+QueryString.h"; sourceTree = "<group>"; };
		A3F81D3812088A0700E60B0B /* NSDictionary+QueryString.m */ = {isa = PBXFileReference; fileEncoding = 4; lastKnownFileType = sourcecode.c.objc; path = "NSDictionary+QueryString.m"; sourceTree = "<group>"; };
		A3F81D3912088A0700E60B0B /* NSString+QueryString.h */ = {isa = PBXFileReference; fileEncoding = 4; lastKnownFileType = sourcecode.c.h; path = "NSString+QueryString.h"; sourceTree = "<group>"; };
		A3F81D3A12088A0700E60B0B /* NSString+QueryString.m */ = {isa = PBXFileReference; fileEncoding = 4; lastKnownFileType = sourcecode.c.objc; path = "NSString+QueryString.m"; sourceTree = "<group>"; };
		A3F81D3B12088A0700E60B0B /* NSURL+QueryInspector.h */ = {isa = PBXFileReference; fileEncoding = 4; lastKnownFileType = sourcecode.c.h; path = "NSURL+QueryInspector.h"; sourceTree = "<group>"; };
		A3F81D3C12088A0700E60B0B /* NSURL+QueryInspector.m */ = {isa = PBXFileReference; fileEncoding = 4; lastKnownFileType = sourcecode.c.objc; path = "NSURL+QueryInspector.m"; sourceTree = "<group>"; };
		A3F81DBE120892DA00E60B0B /* TestHelper.m */ = {isa = PBXFileReference; fileEncoding = 4; lastKnownFileType = sourcecode.c.objc; path = TestHelper.m; sourceTree = "<group>"; };
		A3F81DC91208934600E60B0B /* LRResty.h */ = {isa = PBXFileReference; fileEncoding = 4; lastKnownFileType = sourcecode.c.h; name = LRResty.h; path = Classes/LRResty.h; sourceTree = "<group>"; };
		A3F81DCA1208934600E60B0B /* LRResty.m */ = {isa = PBXFileReference; fileEncoding = 4; lastKnownFileType = sourcecode.c.objc; name = LRResty.m; path = Classes/LRResty.m; sourceTree = "<group>"; };
		A3F81DCB1208934600E60B0B /* LRRestyClient.h */ = {isa = PBXFileReference; fileEncoding = 4; lastKnownFileType = sourcecode.c.h; name = LRRestyClient.h; path = Classes/LRRestyClient.h; sourceTree = "<group>"; };
		A3F81DCC1208934600E60B0B /* LRRestyClient.m */ = {isa = PBXFileReference; fileEncoding = 4; lastKnownFileType = sourcecode.c.objc; name = LRRestyClient.m; path = Classes/LRRestyClient.m; sourceTree = "<group>"; };
		A3F81DCD1208934600E60B0B /* LRRestyClientDelegate.h */ = {isa = PBXFileReference; fileEncoding = 4; lastKnownFileType = sourcecode.c.h; name = LRRestyClientDelegate.h; path = Classes/LRRestyClientDelegate.h; sourceTree = "<group>"; };
		A3F81DCE1208934600E60B0B /* LRRestyResponse.h */ = {isa = PBXFileReference; fileEncoding = 4; lastKnownFileType = sourcecode.c.h; name = LRRestyResponse.h; path = Classes/LRRestyResponse.h; sourceTree = "<group>"; };
		A3F81DCF1208934600E60B0B /* LRRestyResponse.m */ = {isa = PBXFileReference; fileEncoding = 4; lastKnownFileType = sourcecode.c.objc; name = LRRestyResponse.m; path = Classes/LRRestyResponse.m; sourceTree = "<group>"; };
		AA747D9E0F9514B9006C5449 /* LRResty_Prefix.pch */ = {isa = PBXFileReference; fileEncoding = 4; lastKnownFileType = sourcecode.c.h; path = LRResty_Prefix.pch; sourceTree = SOURCE_ROOT; };
		AACBBE490F95108600F1A2B1 /* Foundation.framework */ = {isa = PBXFileReference; lastKnownFileType = wrapper.framework; name = Foundation.framework; path = System/Library/Frameworks/Foundation.framework; sourceTree = SDKROOT; };
		D2AAC07E0554694100DB518D /* libLRResty.a */ = {isa = PBXFileReference; explicitFileType = archive.ar; includeInIndex = 0; path = libLRResty.a; sourceTree = BUILT_PRODUCTS_DIR; };
/* End PBXFileReference section */

/* Begin PBXFrameworksBuildPhase section */
		A3236DB2120C5BDE00001E40 /* Frameworks */ = {
			isa = PBXFrameworksBuildPhase;
			buildActionMask = 2147483647;
			files = (
				A3236DBC120C5BE600001E40 /* libLRResty.a in Frameworks */,
			);
			runOnlyForDeploymentPostprocessing = 0;
		};
		A3F818E51208248F00E60B0B /* Frameworks */ = {
			isa = PBXFrameworksBuildPhase;
			buildActionMask = 2147483647;
			files = (
				A3F81ACA12084DCF00E60B0B /* libLRResty.a in Frameworks */,
			);
			runOnlyForDeploymentPostprocessing = 0;
		};
		D2AAC07C0554694100DB518D /* Frameworks */ = {
			isa = PBXFrameworksBuildPhase;
			buildActionMask = 2147483647;
			files = (
				AACBBE4A0F95108600F1A2B1 /* Foundation.framework in Frameworks */,
			);
			runOnlyForDeploymentPostprocessing = 0;
		};
/* End PBXFrameworksBuildPhase section */

/* Begin PBXGroup section */
		034768DFFF38A50411DB9C8B /* Products */ = {
			isa = PBXGroup;
			children = (
				D2AAC07E0554694100DB518D /* libLRResty.a */,
				A3F818E81208248F00E60B0B /* Acceptance Tests.octest */,
				A3236DB4120C5BDE00001E40 /* ExamplesRunner.app */,
			);
			name = Products;
			sourceTree = "<group>";
		};
		0867D691FE84028FC02AAC07 /* LRResty */ = {
			isa = PBXGroup;
			children = (
				A30878A2120C44F2003859AC /* Examples */,
				A3F819941208418200E60B0B /* Vendor */,
				A3F8190B1208254900E60B0B /* Tests */,
				A3F81D36120889F900E60B0B /* Categories */,
				08FB77AEFE84172EC02AAC07 /* Classes */,
				32C88DFF0371C24200C91783 /* Other Sources */,
				0867D69AFE84028FC02AAC07 /* Frameworks */,
				034768DFFF38A50411DB9C8B /* Products */,
				A3F818E91208248F00E60B0B /* Acceptance Tests-Info.plist */,
				A3236DB6120C5BDE00001E40 /* ExamplesRunner-Info.plist */,
			);
			name = LRResty;
			sourceTree = "<group>";
		};
		0867D69AFE84028FC02AAC07 /* Frameworks */ = {
			isa = PBXGroup;
			children = (
				AACBBE490F95108600F1A2B1 /* Foundation.framework */,
			);
			name = Frameworks;
			sourceTree = "<group>";
		};
		08FB77AEFE84172EC02AAC07 /* Classes */ = {
			isa = PBXGroup;
			children = (
				A3087646120A31BD003859AC /* Helpers */,
				A308761D120A2EDD003859AC /* Internal */,
				A3F81DC91208934600E60B0B /* LRResty.h */,
				A3F81DCA1208934600E60B0B /* LRResty.m */,
				A3F81DCB1208934600E60B0B /* LRRestyClient.h */,
				A3F81DCC1208934600E60B0B /* LRRestyClient.m */,
				A3F81DCD1208934600E60B0B /* LRRestyClientDelegate.h */,
				A3087841120A58B8003859AC /* LRRestyRequest.h */,
				A3087842120A58B8003859AC /* LRRestyRequest.m */,
				A3F81DCE1208934600E60B0B /* LRRestyResponse.h */,
				A3F81DCF1208934600E60B0B /* LRRestyResponse.m */,
				A3087A2F120C5324003859AC /* LRRestyResource.h */,
				A3087A30120C5324003859AC /* LRRestyResource.m */,
			);
			name = Classes;
			sourceTree = "<group>";
		};
		32C88DFF0371C24200C91783 /* Other Sources */ = {
			isa = PBXGroup;
			children = (
				A3CB4B85120C6354006CADCE /* GithubCredentials.h */,
				AA747D9E0F9514B9006C5449 /* LRResty_Prefix.pch */,
			);
			name = "Other Sources";
			sourceTree = "<group>";
		};
		A308758C1209E37B003859AC /* Unit Tests */ = {
			isa = PBXGroup;
			children = (
				A308758D1209E37B003859AC /* FormEncodedStringTest.m */,
			);
			path = "Unit Tests";
			sourceTree = "<group>";
		};
		A308761D120A2EDD003859AC /* Internal */ = {
			isa = PBXGroup;
			children = (
				A308784F120A58D3003859AC /* LRRestyClientBlockDelegate.h */,
				A3087850120A58D3003859AC /* LRRestyClientBlockDelegate.m */,
				A3087849120A58C8003859AC /* LRRestyRequestPayload.h */,
				A308784A120A58C8003859AC /* LRRestyRequestPayload.m */,
			);
			name = Internal;
			sourceTree = "<group>";
		};
		A3087646120A31BD003859AC /* Helpers */ = {
			isa = PBXGroup;
			children = (
				A3087835120A58B1003859AC /* LRRestyClient+GET.h */,
				A3087836120A58B1003859AC /* LRRestyClient+GET.m */,
				A3087837120A58B1003859AC /* LRRestyClient+POST.h */,
				A3087838120A58B1003859AC /* LRRestyClient+POST.m */,
				A3087839120A58B1003859AC /* LRRestyClient+PUT.h */,
				A308783A120A58B1003859AC /* LRRestyClient+PUT.m */,
			);
			name = Helpers;
			sourceTree = "<group>";
		};
		A30878A2120C44F2003859AC /* Examples */ = {
			isa = PBXGroup;
			children = (
				A3087954120C4880003859AC /* Resources */,
				A30878B9120C4776003859AC /* main.m */,
				A30878A3120C44FF003859AC /* RemoteRepositoryExample.h */,
				A30878A4120C44FF003859AC /* RemoteRepositoryExample.m */,
				A30879D6120C4EB3003859AC /* LRRestyResponse+JSON.h */,
				A30879D7120C4EB3003859AC /* LRRestyResponse+JSON.m */,
			);
			path = Examples;
			sourceTree = "<group>";
		};
		A3087954120C4880003859AC /* Resources */ = {
			isa = PBXGroup;
			children = (
				A3087955120C489C003859AC /* ExampleAppDelegate.h */,
				A3087956120C489C003859AC /* ExampleAppDelegate.m */,
				A308795A120C48BC003859AC /* MainWindow.xib */,
				A3087964120C48EE003859AC /* ExamplesViewController.h */,
				A3087965120C48EE003859AC /* ExamplesViewController.m */,
				A3CB4BCE120C6BFA006CADCE /* UsersViewController.h */,
				A3CB4BCF120C6BFA006CADCE /* UsersViewController.m */,
			);
			path = Resources;
			sourceTree = "<group>";
		};
		A30879B2120C4E94003859AC /* TouchJSON */ = {
			isa = PBXGroup;
			children = (
				A30879B6120C4EA2003859AC /* CDataScanner.h */,
				A30879B7120C4EA2003859AC /* CDataScanner.m */,
				A30879B8120C4EA2003859AC /* Extensions */,
				A30879C1120C4EA2003859AC /* JSON */,
			);
			name = TouchJSON;
			sourceTree = "<group>";
		};
		A30879B8120C4EA2003859AC /* Extensions */ = {
			isa = PBXGroup;
			children = (
				A30879B9120C4EA2003859AC /* CDataScanner_Extensions.h */,
				A30879BA120C4EA2003859AC /* CDataScanner_Extensions.m */,
				A30879BB120C4EA2003859AC /* NSCharacterSet_Extensions.h */,
				A30879BC120C4EA2003859AC /* NSCharacterSet_Extensions.m */,
				A30879BD120C4EA2003859AC /* NSDictionary_JSONExtensions.h */,
				A30879BE120C4EA2003859AC /* NSDictionary_JSONExtensions.m */,
				A30879BF120C4EA2003859AC /* NSScanner_Extensions.h */,
				A30879C0120C4EA2003859AC /* NSScanner_Extensions.m */,
			);
			name = Extensions;
			path = Vendor/TouchJSON/Source/Extensions;
			sourceTree = "<group>";
		};
		A30879C1120C4EA2003859AC /* JSON */ = {
			isa = PBXGroup;
			children = (
				A30879C2120C4EA2003859AC /* CJSONDataSerializer.h */,
				A30879C3120C4EA2003859AC /* CJSONDataSerializer.m */,
				A30879C4120C4EA2003859AC /* CJSONDeserializer.h */,
				A30879C5120C4EA2003859AC /* CJSONDeserializer.m */,
				A30879C6120C4EA2003859AC /* CJSONScanner.h */,
				A30879C7120C4EA2003859AC /* CJSONScanner.m */,
				A30879C8120C4EA2003859AC /* CJSONSerializer.h */,
				A30879C9120C4EA2003859AC /* CJSONSerializer.m */,
				A30879CA120C4EA2003859AC /* CSerializedJSONData.h */,
				A30879CB120C4EA2003859AC /* CSerializedJSONData.m */,
			);
			name = JSON;
			path = Vendor/TouchJSON/Source/JSON;
			sourceTree = "<group>";
		};
		A3F8190B1208254900E60B0B /* Tests */ = {
			isa = PBXGroup;
			children = (
				A308758C1209E37B003859AC /* Unit Tests */,
				A3F8196F1208374400E60B0B /* Support */,
				A3F8190C1208254900E60B0B /* Acceptance */,
			);
			path = Tests;
			sourceTree = "<group>";
		};
		A3F8190C1208254900E60B0B /* Acceptance */ = {
			isa = PBXGroup;
			children = (
				A3F8190D1208255F00E60B0B /* GetResourceTests.m */,
				A30874BC1209CCA5003859AC /* PostResourceTests.m */,
				A30875D1120A2640003859AC /* PutResourceTests.m */,
				A308776B120A48F0003859AC /* CookieHandlingTests.m */,
				A30877E2120A522D003859AC /* AuthenticationTests.m */,
				A3087A28120C524B003859AC /* ResourceTests.m */,
			);
			path = Acceptance;
			sourceTree = "<group>";
		};
		A3F8196F1208374400E60B0B /* Support */ = {
			isa = PBXGroup;
			children = (
				A3F81B401208577500E60B0B /* TestHelper.h */,
				A3F81DBE120892DA00E60B0B /* TestHelper.m */,
				A3F81970120837FC00E60B0B /* AssertEventually.h */,
				A3F81971120837FC00E60B0B /* AssertEventually.m */,
				A3F81B371208567800E60B0B /* HCPassesBlock.h */,
				A3F81B381208567800E60B0B /* HCPassesBlock.m */,
				A3F81B6512085AC400E60B0B /* TestRequestBuilder.h */,
				A3F81B6612085AC400E60B0B /* TestRequestBuilder.m */,
				A3F81B6812085B0B00E60B0B /* DomainMatchers.h */,
				A3F81B6912085B0B00E60B0B /* DomainMatchers.m */,
			);
			path = Support;
			sourceTree = "<group>";
		};
		A3F819941208418200E60B0B /* Vendor */ = {
			isa = PBXGroup;
			children = (
				A30879B2120C4E94003859AC /* TouchJSON */,
				A3F819951208418800E60B0B /* OCHamcrest */,
			);
			name = Vendor;
			sourceTree = "<group>";
		};
		A3F819951208418800E60B0B /* OCHamcrest */ = {
			isa = PBXGroup;
			children = (
				A3F81A221208451C00E60B0B /* OCHamcrest.h */,
				A3F819991208419300E60B0B /* Core */,
				A3F819C41208419300E60B0B /* Library */,
			);
			name = OCHamcrest;
			sourceTree = "<group>";
		};
		A3F819991208419300E60B0B /* Core */ = {
			isa = PBXGroup;
			children = (
				A3F8199A1208419300E60B0B /* Core */,
				A3F819AF1208419300E60B0B /* HCBaseDescription.h */,
				A3F819B01208419300E60B0B /* HCBaseDescription.mm */,
				A3F819B11208419300E60B0B /* HCBaseMatcher.h */,
				A3F819B21208419300E60B0B /* HCBaseMatcher.mm */,
				A3F819B31208419300E60B0B /* HCDescription.h */,
				A3F819B41208419300E60B0B /* HCInvocationMatcher.h */,
				A3F819B51208419300E60B0B /* HCInvocationMatcher.mm */,
				A3F819B61208419300E60B0B /* HCMatcher.h */,
				A3F819B71208419300E60B0B /* HCMatcherAssert.h */,
				A3F819B81208419300E60B0B /* HCMatcherAssert.mm */,
				A3F819B91208419300E60B0B /* HCSelfDescribing.h */,
				A3F819BA1208419300E60B0B /* HCStringDescription.h */,
				A3F819BB1208419300E60B0B /* HCStringDescription.mm */,
				A3F819BC1208419300E60B0B /* HCWrapInMatcher.h */,
				A3F819BD1208419300E60B0B /* HCWrapInMatcher.mm */,
				A3F819BE1208419300E60B0B /* Internal */,
			);
			name = Core;
			path = Vendor/OCHamcrest/Source/Core;
			sourceTree = "<group>";
		};
		A3F8199A1208419300E60B0B /* Core */ = {
			isa = PBXGroup;
			children = (
				A3F8199B1208419300E60B0B /* HCAllOf.h */,
				A3F8199C1208419300E60B0B /* HCAllOf.mm */,
				A3F8199D1208419300E60B0B /* HCAnyOf.h */,
				A3F8199E1208419300E60B0B /* HCAnyOf.mm */,
				A3F8199F1208419300E60B0B /* HCDescribedAs.h */,
				A3F819A01208419300E60B0B /* HCDescribedAs.mm */,
				A3F819A11208419300E60B0B /* HCIs.h */,
				A3F819A21208419300E60B0B /* HCIs.mm */,
				A3F819A31208419300E60B0B /* HCIsAnything.h */,
				A3F819A41208419300E60B0B /* HCIsAnything.mm */,
				A3F819A51208419300E60B0B /* HCIsEqual.h */,
				A3F819A61208419300E60B0B /* HCIsEqual.mm */,
				A3F819A71208419300E60B0B /* HCIsInstanceOf.h */,
				A3F819A81208419300E60B0B /* HCIsInstanceOf.mm */,
				A3F819A91208419300E60B0B /* HCIsNil.h */,
				A3F819AA1208419300E60B0B /* HCIsNil.mm */,
				A3F819AB1208419300E60B0B /* HCIsNot.h */,
				A3F819AC1208419300E60B0B /* HCIsNot.mm */,
				A3F819AD1208419300E60B0B /* HCIsSame.h */,
				A3F819AE1208419300E60B0B /* HCIsSame.mm */,
			);
			path = Core;
			sourceTree = "<group>";
		};
		A3F819BE1208419300E60B0B /* Internal */ = {
			isa = PBXGroup;
			children = (
				A3F819BF1208419300E60B0B /* HCCollectMatchers.h */,
				A3F819C01208419300E60B0B /* HCCollectMatchers.mm */,
				A3F819C11208419300E60B0B /* HCIntegerTypes.h */,
				A3F819C21208419300E60B0B /* NSObject_HCSelfDescribingValue.h */,
				A3F819C31208419300E60B0B /* NSObject_HCSelfDescribingValue.mm */,
			);
			path = Internal;
			sourceTree = "<group>";
		};
		A3F819C41208419300E60B0B /* Library */ = {
			isa = PBXGroup;
			children = (
				A3F819C51208419300E60B0B /* Collection */,
				A3F819D21208419300E60B0B /* Number */,
				A3F819DC1208419300E60B0B /* Object */,
				A3F819DF1208419300E60B0B /* Text */,
			);
			name = Library;
			path = Vendor/OCHamcrest/Source/Library;
			sourceTree = "<group>";
		};
		A3F819C51208419300E60B0B /* Collection */ = {
			isa = PBXGroup;
			children = (
				A3F819C61208419300E60B0B /* HCIsCollectionContaining.h */,
				A3F819C71208419300E60B0B /* HCIsCollectionContaining.mm */,
				A3F819C81208419300E60B0B /* HCIsCollectionOnlyContaining.h */,
				A3F819C91208419300E60B0B /* HCIsCollectionOnlyContaining.mm */,
				A3F819CA1208419300E60B0B /* HCIsDictionaryContaining.h */,
				A3F819CB1208419300E60B0B /* HCIsDictionaryContaining.mm */,
				A3F819CC1208419300E60B0B /* HCIsDictionaryContainingKey.h */,
				A3F819CD1208419300E60B0B /* HCIsDictionaryContainingKey.mm */,
				A3F819CE1208419300E60B0B /* HCIsDictionaryContainingValue.h */,
				A3F819CF1208419300E60B0B /* HCIsDictionaryContainingValue.mm */,
				A3F819D01208419300E60B0B /* HCIsIn.h */,
				A3F819D11208419300E60B0B /* HCIsIn.mm */,
			);
			path = Collection;
			sourceTree = "<group>";
		};
		A3F819D21208419300E60B0B /* Number */ = {
			isa = PBXGroup;
			children = (
				A3F819D31208419300E60B0B /* HCBoxNumber.h */,
				A3F819D41208419300E60B0B /* HCIsCloseTo.h */,
				A3F819D51208419300E60B0B /* HCIsCloseTo.mm */,
				A3F819D61208419300E60B0B /* HCIsEqualToNumber.h */,
				A3F819D71208419300E60B0B /* HCIsEqualToNumber.mm */,
				A3F819D81208419300E60B0B /* HCNumberAssert.h */,
				A3F819D91208419300E60B0B /* HCNumberAssert.mm */,
				A3F819DA1208419300E60B0B /* HCOrderingComparison.h */,
				A3F819DB1208419300E60B0B /* HCOrderingComparison.mm */,
			);
			path = Number;
			sourceTree = "<group>";
		};
		A3F819DC1208419300E60B0B /* Object */ = {
			isa = PBXGroup;
			children = (
				A3F819DD1208419300E60B0B /* HCHasDescription.h */,
				A3F819DE1208419300E60B0B /* HCHasDescription.mm */,
			);
			path = Object;
			sourceTree = "<group>";
		};
		A3F819DF1208419300E60B0B /* Text */ = {
			isa = PBXGroup;
			children = (
				A3F819E01208419300E60B0B /* HCIsEqualIgnoringCase.h */,
				A3F819E11208419300E60B0B /* HCIsEqualIgnoringCase.mm */,
				A3F819E21208419300E60B0B /* HCIsEqualIgnoringWhiteSpace.h */,
				A3F819E31208419300E60B0B /* HCIsEqualIgnoringWhiteSpace.mm */,
				A3F819E41208419300E60B0B /* HCRequireNonNilString.h */,
				A3F819E51208419300E60B0B /* HCStringContains.h */,
				A3F819E61208419300E60B0B /* HCStringContains.mm */,
				A3F819E71208419300E60B0B /* HCStringEndsWith.h */,
				A3F819E81208419300E60B0B /* HCStringEndsWith.mm */,
				A3F819E91208419300E60B0B /* HCStringStartsWith.h */,
				A3F819EA1208419300E60B0B /* HCStringStartsWith.mm */,
				A3F819EB1208419300E60B0B /* HCSubstringMatcher.h */,
				A3F819EC1208419300E60B0B /* HCSubstringMatcher.mm */,
			);
			path = Text;
			sourceTree = "<group>";
		};
		A3F81D36120889F900E60B0B /* Categories */ = {
			isa = PBXGroup;
			children = (
				A3F81D3712088A0700E60B0B /* NSDictionary+QueryString.h */,
				A3F81D3812088A0700E60B0B /* NSDictionary+QueryString.m */,
				A3F81D3912088A0700E60B0B /* NSString+QueryString.h */,
				A3F81D3A12088A0700E60B0B /* NSString+QueryString.m */,
				A3F81D3B12088A0700E60B0B /* NSURL+QueryInspector.h */,
				A3F81D3C12088A0700E60B0B /* NSURL+QueryInspector.m */,
				A3087A03120C50CC003859AC /* NSObject+Tap.h */,
				A3087A04120C50CC003859AC /* NSObject+Tap.m */,
			);
			path = Categories;
			sourceTree = "<group>";
		};
/* End PBXGroup section */

/* Begin PBXHeadersBuildPhase section */
		D2AAC07A0554694100DB518D /* Headers */ = {
			isa = PBXHeadersBuildPhase;
			buildActionMask = 2147483647;
			files = (
				AA747D9F0F9514B9006C5449 /* LRResty_Prefix.pch in Headers */,
				A3F81D3D12088A0700E60B0B /* NSDictionary+QueryString.h in Headers */,
				A3F81D3F12088A0700E60B0B /* NSString+QueryString.h in Headers */,
				A3F81D4112088A0700E60B0B /* NSURL+QueryInspector.h in Headers */,
				A3F81DD01208934600E60B0B /* LRResty.h in Headers */,
				A3F81DD21208934600E60B0B /* LRRestyClient.h in Headers */,
				A3F81DD41208934600E60B0B /* LRRestyClientDelegate.h in Headers */,
				A3F81DD51208934600E60B0B /* LRRestyResponse.h in Headers */,
				A308783B120A58B1003859AC /* LRRestyClient+GET.h in Headers */,
				A308783D120A58B1003859AC /* LRRestyClient+POST.h in Headers */,
				A308783F120A58B1003859AC /* LRRestyClient+PUT.h in Headers */,
				A3087843120A58B8003859AC /* LRRestyRequest.h in Headers */,
				A308784B120A58C8003859AC /* LRRestyRequestPayload.h in Headers */,
				A3087851120A58D3003859AC /* LRRestyClientBlockDelegate.h in Headers */,
				A30878A5120C44FF003859AC /* RemoteRepositoryExample.h in Headers */,
			);
			runOnlyForDeploymentPostprocessing = 0;
		};
/* End PBXHeadersBuildPhase section */

/* Begin PBXNativeTarget section */
		A3236DB3120C5BDE00001E40 /* ExamplesRunner */ = {
			isa = PBXNativeTarget;
			buildConfigurationList = A3236DB9120C5BDF00001E40 /* Build configuration list for PBXNativeTarget "ExamplesRunner" */;
			buildPhases = (
				A3236DB0120C5BDE00001E40 /* Resources */,
				A3236DB1120C5BDE00001E40 /* Sources */,
				A3236DB2120C5BDE00001E40 /* Frameworks */,
			);
			buildRules = (
			);
			dependencies = (
				A3236DBB120C5BE300001E40 /* PBXTargetDependency */,
			);
			name = ExamplesRunner;
			productName = ExamplesRunner;
			productReference = A3236DB4120C5BDE00001E40 /* ExamplesRunner.app */;
			productType = "com.apple.product-type.application";
		};
		A3F818E71208248F00E60B0B /* Tests */ = {
			isa = PBXNativeTarget;
			buildConfigurationList = A3F818EC1208249000E60B0B /* Build configuration list for PBXNativeTarget "Tests" */;
			buildPhases = (
				A3F8191012082A0000E60B0B /* Start Service Stub */,
				A3F818E31208248F00E60B0B /* Resources */,
				A3F818E41208248F00E60B0B /* Sources */,
				A3F818E51208248F00E60B0B /* Frameworks */,
				A3F818E61208248F00E60B0B /* ShellScript */,
				A3F81935120832DD00E60B0B /* Stop Service Stub */,
			);
			buildRules = (
			);
			dependencies = (
				A3F818F01208249B00E60B0B /* PBXTargetDependency */,
			);
			name = Tests;
			productName = "Acceptance Tests";
			productReference = A3F818E81208248F00E60B0B /* Acceptance Tests.octest */;
			productType = "com.apple.product-type.bundle";
		};
		D2AAC07D0554694100DB518D /* LRResty */ = {
			isa = PBXNativeTarget;
			buildConfigurationList = 1DEB921E08733DC00010E9CD /* Build configuration list for PBXNativeTarget "LRResty" */;
			buildPhases = (
				D2AAC07A0554694100DB518D /* Headers */,
				D2AAC07B0554694100DB518D /* Sources */,
				D2AAC07C0554694100DB518D /* Frameworks */,
			);
			buildRules = (
			);
			dependencies = (
			);
			name = LRResty;
			productName = LRResty;
			productReference = D2AAC07E0554694100DB518D /* libLRResty.a */;
			productType = "com.apple.product-type.library.static";
		};
/* End PBXNativeTarget section */

/* Begin PBXProject section */
		0867D690FE84028FC02AAC07 /* Project object */ = {
			isa = PBXProject;
			buildConfigurationList = 1DEB922208733DC00010E9CD /* Build configuration list for PBXProject "LRResty" */;
			compatibilityVersion = "Xcode 3.1";
			developmentRegion = English;
			hasScannedForEncodings = 1;
			knownRegions = (
				en,
			);
			mainGroup = 0867D691FE84028FC02AAC07 /* LRResty */;
			productRefGroup = 034768DFFF38A50411DB9C8B /* Products */;
			projectDirPath = "";
			projectRoot = "";
			targets = (
				D2AAC07D0554694100DB518D /* LRResty */,
				A3F818E71208248F00E60B0B /* Tests */,
				A3236DB3120C5BDE00001E40 /* ExamplesRunner */,
			);
		};
/* End PBXProject section */

/* Begin PBXResourcesBuildPhase section */
		A3236DB0120C5BDE00001E40 /* Resources */ = {
			isa = PBXResourcesBuildPhase;
			buildActionMask = 2147483647;
			files = (
				A3236DF9120C5C8100001E40 /* MainWindow.xib in Resources */,
			);
			runOnlyForDeploymentPostprocessing = 0;
		};
		A3F818E31208248F00E60B0B /* Resources */ = {
			isa = PBXResourcesBuildPhase;
			buildActionMask = 2147483647;
			files = (
			);
			runOnlyForDeploymentPostprocessing = 0;
		};
/* End PBXResourcesBuildPhase section */

/* Begin PBXShellScriptBuildPhase section */
		A3F818E61208248F00E60B0B /* ShellScript */ = {
			isa = PBXShellScriptBuildPhase;
			buildActionMask = 2147483647;
			files = (
			);
			inputPaths = (
			);
			outputPaths = (
			);
			runOnlyForDeploymentPostprocessing = 0;
			shellPath = /bin/sh;
			shellScript = "# Run the unit tests in this test bundle.\n\"${SYSTEM_DEVELOPER_DIR}/Tools/RunUnitTests\"\n";
		};
		A3F8191012082A0000E60B0B /* Start Service Stub */ = {
			isa = PBXShellScriptBuildPhase;
			buildActionMask = 2147483647;
			files = (
			);
			inputPaths = (
			);
			name = "Start Service Stub";
			outputPaths = (
			);
			runOnlyForDeploymentPostprocessing = 0;
			shellPath = /bin/bash;
			shellScript = "source ~/.profile\nruby ${SRCROOT}/Scripts/ServerControl.rb start\n";
			showEnvVarsInLog = 0;
		};
		A3F81935120832DD00E60B0B /* Stop Service Stub */ = {
			isa = PBXShellScriptBuildPhase;
			buildActionMask = 2147483647;
			files = (
			);
			inputPaths = (
			);
			name = "Stop Service Stub";
			outputPaths = (
			);
			runOnlyForDeploymentPostprocessing = 0;
			shellPath = /bin/bash;
			shellScript = "source ~/.profile\nruby ${SRCROOT}/Scripts/ServerControl.rb stop\n";
		};
/* End PBXShellScriptBuildPhase section */

/* Begin PBXSourcesBuildPhase section */
		A3236DB1120C5BDE00001E40 /* Sources */ = {
			isa = PBXSourcesBuildPhase;
			buildActionMask = 2147483647;
			files = (
				A3236DC8120C5C0100001E40 /* ExampleAppDelegate.m in Sources */,
				A3236DC9120C5C0100001E40 /* ExamplesViewController.m in Sources */,
				A3236DCA120C5C0100001E40 /* RemoteRepositoryExample.m in Sources */,
				A3236DCB120C5C0100001E40 /* LRRestyResponse+JSON.m in Sources */,
				A3236DD3120C5C2C00001E40 /* CDataScanner.m in Sources */,
				A3236DD4120C5C2C00001E40 /* CDataScanner_Extensions.m in Sources */,
				A3236DD5120C5C2C00001E40 /* NSCharacterSet_Extensions.m in Sources */,
				A3236DD6120C5C2C00001E40 /* NSDictionary_JSONExtensions.m in Sources */,
				A3236DD7120C5C2C00001E40 /* NSScanner_Extensions.m in Sources */,
				A3236DD8120C5C2C00001E40 /* CJSONDataSerializer.m in Sources */,
				A3236DD9120C5C2C00001E40 /* CJSONDeserializer.m in Sources */,
				A3236DDA120C5C2C00001E40 /* CJSONScanner.m in Sources */,
				A3236DDB120C5C2C00001E40 /* CJSONSerializer.m in Sources */,
				A3236DDC120C5C2C00001E40 /* CSerializedJSONData.m in Sources */,
				A3236DDF120C5C3400001E40 /* main.m in Sources */,
				A3CB4BD0120C6BFA006CADCE /* UsersViewController.m in Sources */,
			);
			runOnlyForDeploymentPostprocessing = 0;
		};
		A3F818E41208248F00E60B0B /* Sources */ = {
			isa = PBXSourcesBuildPhase;
			buildActionMask = 2147483647;
			files = (
				A3F8190E1208255F00E60B0B /* GetResourceTests.m in Sources */,
				A3F81972120837FC00E60B0B /* AssertEventually.m in Sources */,
				A3F819ED1208419300E60B0B /* HCAllOf.mm in Sources */,
				A3F819EE1208419300E60B0B /* HCAnyOf.mm in Sources */,
				A3F819EF1208419300E60B0B /* HCDescribedAs.mm in Sources */,
				A3F819F01208419300E60B0B /* HCIs.mm in Sources */,
				A3F819F11208419300E60B0B /* HCIsAnything.mm in Sources */,
				A3F819F21208419300E60B0B /* HCIsEqual.mm in Sources */,
				A3F819F31208419300E60B0B /* HCIsInstanceOf.mm in Sources */,
				A3F819F41208419300E60B0B /* HCIsNil.mm in Sources */,
				A3F819F51208419300E60B0B /* HCIsNot.mm in Sources */,
				A3F819F61208419300E60B0B /* HCIsSame.mm in Sources */,
				A3F819F71208419300E60B0B /* HCBaseDescription.mm in Sources */,
				A3F819F81208419300E60B0B /* HCBaseMatcher.mm in Sources */,
				A3F819F91208419300E60B0B /* HCInvocationMatcher.mm in Sources */,
				A3F819FA1208419300E60B0B /* HCMatcherAssert.mm in Sources */,
				A3F819FB1208419300E60B0B /* HCStringDescription.mm in Sources */,
				A3F819FC1208419300E60B0B /* HCWrapInMatcher.mm in Sources */,
				A3F819FD1208419300E60B0B /* HCCollectMatchers.mm in Sources */,
				A3F819FE1208419300E60B0B /* NSObject_HCSelfDescribingValue.mm in Sources */,
				A3F819FF1208419300E60B0B /* HCIsCollectionContaining.mm in Sources */,
				A3F81A001208419300E60B0B /* HCIsCollectionOnlyContaining.mm in Sources */,
				A3F81A011208419300E60B0B /* HCIsDictionaryContaining.mm in Sources */,
				A3F81A021208419300E60B0B /* HCIsDictionaryContainingKey.mm in Sources */,
				A3F81A031208419300E60B0B /* HCIsDictionaryContainingValue.mm in Sources */,
				A3F81A041208419300E60B0B /* HCIsIn.mm in Sources */,
				A3F81A051208419300E60B0B /* HCIsCloseTo.mm in Sources */,
				A3F81A061208419300E60B0B /* HCIsEqualToNumber.mm in Sources */,
				A3F81A071208419300E60B0B /* HCNumberAssert.mm in Sources */,
				A3F81A081208419300E60B0B /* HCOrderingComparison.mm in Sources */,
				A3F81A091208419300E60B0B /* HCHasDescription.mm in Sources */,
				A3F81A0A1208419300E60B0B /* HCIsEqualIgnoringCase.mm in Sources */,
				A3F81A0B1208419300E60B0B /* HCIsEqualIgnoringWhiteSpace.mm in Sources */,
				A3F81A0C1208419300E60B0B /* HCStringContains.mm in Sources */,
				A3F81A0D1208419300E60B0B /* HCStringEndsWith.mm in Sources */,
				A3F81A0E1208419300E60B0B /* HCStringStartsWith.mm in Sources */,
				A3F81A0F1208419300E60B0B /* HCSubstringMatcher.mm in Sources */,
				A3F81B391208567800E60B0B /* HCPassesBlock.m in Sources */,
				A3F81B6712085AC400E60B0B /* TestRequestBuilder.m in Sources */,
				A3F81B6A12085B0B00E60B0B /* DomainMatchers.m in Sources */,
				A3F81DC0120892EF00E60B0B /* TestHelper.m in Sources */,
				A30874C71209CE4F003859AC /* PostResourceTests.m in Sources */,
				A308758E1209E37B003859AC /* FormEncodedStringTest.m in Sources */,
				A30875D2120A2640003859AC /* PutResourceTests.m in Sources */,
				A308776C120A48F0003859AC /* CookieHandlingTests.m in Sources */,
				A30877E3120A522D003859AC /* AuthenticationTests.m in Sources */,
				A3087A2C120C52D3003859AC /* ResourceTests.m in Sources */,
			);
			runOnlyForDeploymentPostprocessing = 0;
		};
		D2AAC07B0554694100DB518D /* Sources */ = {
			isa = PBXSourcesBuildPhase;
			buildActionMask = 2147483647;
			files = (
				A3F81D3E12088A0700E60B0B /* NSDictionary+QueryString.m in Sources */,
				A3F81D4012088A0700E60B0B /* NSString+QueryString.m in Sources */,
				A3F81D4212088A0700E60B0B /* NSURL+QueryInspector.m in Sources */,
				A3F81DD11208934600E60B0B /* LRResty.m in Sources */,
				A3F81DD31208934600E60B0B /* LRRestyClient.m in Sources */,
				A3F81DD61208934600E60B0B /* LRRestyResponse.m in Sources */,
				A308783C120A58B1003859AC /* LRRestyClient+GET.m in Sources */,
				A308783E120A58B1003859AC /* LRRestyClient+POST.m in Sources */,
				A3087840120A58B1003859AC /* LRRestyClient+PUT.m in Sources */,
				A3087844120A58B8003859AC /* LRRestyRequest.m in Sources */,
				A308784C120A58C8003859AC /* LRRestyRequestPayload.m in Sources */,
				A3087852120A58D3003859AC /* LRRestyClientBlockDelegate.m in Sources */,
				A3087A06120C50DD003859AC /* NSObject+Tap.m in Sources */,
				A3087A44120C5526003859AC /* LRRestyResource.m in Sources */,
			);
			runOnlyForDeploymentPostprocessing = 0;
		};
/* End PBXSourcesBuildPhase section */

/* Begin PBXTargetDependency section */
		A3236DBB120C5BE300001E40 /* PBXTargetDependency */ = {
			isa = PBXTargetDependency;
			target = D2AAC07D0554694100DB518D /* LRResty */;
			targetProxy = A3236DBA120C5BE300001E40 /* PBXContainerItemProxy */;
		};
		A3F818F01208249B00E60B0B /* PBXTargetDependency */ = {
			isa = PBXTargetDependency;
			target = D2AAC07D0554694100DB518D /* LRResty */;
			targetProxy = A3F818EF1208249B00E60B0B /* PBXContainerItemProxy */;
		};
/* End PBXTargetDependency section */

/* Begin XCBuildConfiguration section */
		1DEB921F08733DC00010E9CD /* Debug */ = {
			isa = XCBuildConfiguration;
			buildSettings = {
				ALWAYS_SEARCH_USER_PATHS = NO;
				ARCHS = "$(ARCHS_STANDARD_32_BIT)";
				COPY_PHASE_STRIP = NO;
				DSTROOT = /tmp/LRResty.dst;
				GCC_DYNAMIC_NO_PIC = NO;
				GCC_ENABLE_FIX_AND_CONTINUE = YES;
				GCC_MODEL_TUNING = G5;
				GCC_OPTIMIZATION_LEVEL = 0;
				GCC_PRECOMPILE_PREFIX_HEADER = YES;
				GCC_PREFIX_HEADER = LRResty_Prefix.pch;
				INSTALL_PATH = /usr/local/lib;
				PRODUCT_NAME = LRResty;
			};
			name = Debug;
		};
		1DEB922008733DC00010E9CD /* Release */ = {
			isa = XCBuildConfiguration;
			buildSettings = {
				ALWAYS_SEARCH_USER_PATHS = NO;
				ARCHS = "$(ARCHS_STANDARD_32_BIT)";
				DSTROOT = /tmp/LRResty.dst;
				GCC_MODEL_TUNING = G5;
				GCC_PRECOMPILE_PREFIX_HEADER = YES;
				GCC_PREFIX_HEADER = LRResty_Prefix.pch;
				INSTALL_PATH = /usr/local/lib;
				PRODUCT_NAME = LRResty;
			};
			name = Release;
		};
		1DEB922308733DC00010E9CD /* Debug */ = {
			isa = XCBuildConfiguration;
			buildSettings = {
				ARCHS = "$(ARCHS_STANDARD_32_BIT)";
				CODE_SIGN_IDENTITY = "Don't Code Sign";
				GCC_C_LANGUAGE_STANDARD = c99;
				GCC_OPTIMIZATION_LEVEL = 0;
				GCC_WARN_ABOUT_RETURN_TYPE = YES;
				GCC_WARN_UNUSED_VARIABLE = YES;
				OTHER_LDFLAGS = "-ObjC";
				PREBINDING = NO;
				PROVISIONING_PROFILE = "";
				SDKROOT = iphoneos4.0;
			};
			name = Debug;
		};
		1DEB922408733DC00010E9CD /* Release */ = {
			isa = XCBuildConfiguration;
			buildSettings = {
				ARCHS = "$(ARCHS_STANDARD_32_BIT)";
				CODE_SIGN_IDENTITY = "Don't Code Sign";
				GCC_C_LANGUAGE_STANDARD = c99;
				GCC_WARN_ABOUT_RETURN_TYPE = YES;
				GCC_WARN_UNUSED_VARIABLE = YES;
				OTHER_LDFLAGS = "-ObjC";
				PREBINDING = NO;
				PROVISIONING_PROFILE = "";
				SDKROOT = iphoneos4.0;
			};
			name = Release;
		};
		A3236DB7120C5BDF00001E40 /* Debug */ = {
			isa = XCBuildConfiguration;
			buildSettings = {
				ALWAYS_SEARCH_USER_PATHS = NO;
				CODE_SIGN_IDENTITY = "iPhone Developer";
				COPY_PHASE_STRIP = NO;
				GCC_DYNAMIC_NO_PIC = NO;
				GCC_OPTIMIZATION_LEVEL = 0;
				GCC_PRECOMPILE_PREFIX_HEADER = YES;
				GCC_PREFIX_HEADER = "$(SYSTEM_LIBRARY_DIR)/Frameworks/UIKit.framework/Headers/UIKit.h";
				INFOPLIST_FILE = "ExamplesRunner-Info.plist";
				INSTALL_PATH = "$(HOME)/Applications";
				OTHER_LDFLAGS = (
					"-framework",
					Foundation,
					"-framework",
					UIKit,
					"-all_load",
				);
				PREBINDING = NO;
				PRODUCT_NAME = ExamplesRunner;
				SDKROOT = iphoneos4.0;
			};
			name = Debug;
		};
		A3236DB8120C5BDF00001E40 /* Release */ = {
			isa = XCBuildConfiguration;
			buildSettings = {
				ALWAYS_SEARCH_USER_PATHS = NO;
				CODE_SIGN_IDENTITY = "iPhone Developer";
				COPY_PHASE_STRIP = YES;
				DEBUG_INFORMATION_FORMAT = "dwarf-with-dsym";
				GCC_ENABLE_FIX_AND_CONTINUE = NO;
				GCC_PRECOMPILE_PREFIX_HEADER = YES;
				GCC_PREFIX_HEADER = "$(SYSTEM_LIBRARY_DIR)/Frameworks/UIKit.framework/Headers/UIKit.h";
				INFOPLIST_FILE = "ExamplesRunner-Info.plist";
				INSTALL_PATH = "$(HOME)/Applications";
				OTHER_LDFLAGS = (
					"-framework",
					Foundation,
					"-framework",
					UIKit,
				);
				PREBINDING = NO;
				PRODUCT_NAME = ExamplesRunner;
				SDKROOT = iphoneos4.0;
				ZERO_LINK = NO;
			};
			name = Release;
		};
		A3F818EA1208249000E60B0B /* Debug */ = {
			isa = XCBuildConfiguration;
			buildSettings = {
				ALWAYS_SEARCH_USER_PATHS = NO;
				"CODE_SIGN_IDENTITY[sdk=iphoneos*]" = "";
				COPY_PHASE_STRIP = NO;
				FRAMEWORK_SEARCH_PATHS = (
					"\"$(SDKROOT)/Developer/Library/Frameworks\"",
					"\"$(DEVELOPER_LIBRARY_DIR)/Frameworks\"",
				);
				GCC_DYNAMIC_NO_PIC = NO;
				GCC_ENABLE_FIX_AND_CONTINUE = NO;
				GCC_ENABLE_OBJC_EXCEPTIONS = YES;
				GCC_OPTIMIZATION_LEVEL = 0;
				INFOPLIST_FILE = "Acceptance Tests-Info.plist";
				OTHER_LDFLAGS = (
					"-framework",
					Foundation,
					"-framework",
					SenTestingKit,
					"-framework",
					UIKit,
					"-all_load",
				);
				PREBINDING = NO;
				PRODUCT_NAME = "Acceptance Tests";
				WRAPPER_EXTENSION = octest;
			};
			name = Debug;
		};
		A3F818EB1208249000E60B0B /* Release */ = {
			isa = XCBuildConfiguration;
			buildSettings = {
				ALWAYS_SEARCH_USER_PATHS = NO;
				"CODE_SIGN_IDENTITY[sdk=iphoneos*]" = "";
				COPY_PHASE_STRIP = YES;
				DEBUG_INFORMATION_FORMAT = "dwarf-with-dsym";
				FRAMEWORK_SEARCH_PATHS = (
					"\"$(SDKROOT)/Developer/Library/Frameworks\"",
					"\"$(DEVELOPER_LIBRARY_DIR)/Frameworks\"",
				);
				GCC_ENABLE_FIX_AND_CONTINUE = NO;
				GCC_ENABLE_OBJC_EXCEPTIONS = YES;
				INFOPLIST_FILE = "Acceptance Tests-Info.plist";
				OTHER_LDFLAGS = (
					"-framework",
					Foundation,
					"-framework",
					SenTestingKit,
					"-framework",
					UIKit,
				);
				PREBINDING = NO;
				PRODUCT_NAME = "Acceptance Tests";
				WRAPPER_EXTENSION = octest;
				ZERO_LINK = NO;
			};
			name = Release;
		};
/* End XCBuildConfiguration section */

/* Begin XCConfigurationList section */
		1DEB921E08733DC00010E9CD /* Build configuration list for PBXNativeTarget "LRResty" */ = {
			isa = XCConfigurationList;
			buildConfigurations = (
				1DEB921F08733DC00010E9CD /* Debug */,
				1DEB922008733DC00010E9CD /* Release */,
			);
			defaultConfigurationIsVisible = 0;
			defaultConfigurationName = Release;
		};
		1DEB922208733DC00010E9CD /* Build configuration list for PBXProject "LRResty" */ = {
			isa = XCConfigurationList;
			buildConfigurations = (
				1DEB922308733DC00010E9CD /* Debug */,
				1DEB922408733DC00010E9CD /* Release */,
			);
			defaultConfigurationIsVisible = 0;
			defaultConfigurationName = Release;
		};
		A3236DB9120C5BDF00001E40 /* Build configuration list for PBXNativeTarget "ExamplesRunner" */ = {
			isa = XCConfigurationList;
			buildConfigurations = (
				A3236DB7120C5BDF00001E40 /* Debug */,
				A3236DB8120C5BDF00001E40 /* Release */,
			);
			defaultConfigurationIsVisible = 0;
			defaultConfigurationName = Release;
		};
		A3F818EC1208249000E60B0B /* Build configuration list for PBXNativeTarget "Tests" */ = {
			isa = XCConfigurationList;
			buildConfigurations = (
				A3F818EA1208249000E60B0B /* Debug */,
				A3F818EB1208249000E60B0B /* Release */,
			);
			defaultConfigurationIsVisible = 0;
			defaultConfigurationName = Release;
		};
/* End XCConfigurationList section */
	};
	rootObject = 0867D690FE84028FC02AAC07 /* Project object */;
}
